// !$*UTF8*$!
{
	archiveVersion = 1;
	classes = {
	};
	objectVersion = 46;
	objects = {

/* Begin PBXBuildFile section */
		3062CD13401129259503461F /* Pods_OKKLineSwift_iOS_Demo.framework in Frameworks */ = {isa = PBXBuildFile; fileRef = 14414C84CE7B86B8732E7D07 /* Pods_OKKLineSwift_iOS_Demo.framework */; };
		8835D6F320E20B2C00115BE2 /* OKKlineSwift_macOS.h in Headers */ = {isa = PBXBuildFile; fileRef = 8835D6F120E20B2C00115BE2 /* OKKlineSwift_macOS.h */; settings = {ATTRIBUTES = (Public, ); }; };
		8835D6F620E20B2C00115BE2 /* OKKLineSwift_macOS.framework in Frameworks */ = {isa = PBXBuildFile; fileRef = 8835D6EF20E20B2C00115BE2 /* OKKLineSwift_macOS.framework */; };
		8835D6F720E20B2C00115BE2 /* OKKLineSwift_macOS.framework in Embed Frameworks */ = {isa = PBXBuildFile; fileRef = 8835D6EF20E20B2C00115BE2 /* OKKLineSwift_macOS.framework */; settings = {ATTRIBUTES = (CodeSignOnCopy, RemoveHeadersOnCopy, ); }; };
		8835D6FC20E20B4600115BE2 /* OKConfiguration.swift in Sources */ = {isa = PBXBuildFile; fileRef = F6E1F5851E2DC26300E12D90 /* OKConfiguration.swift */; };
		8835D6FD20E20B4600115BE2 /* OKPlatform.swift in Sources */ = {isa = PBXBuildFile; fileRef = F6E1F5861E2DC26300E12D90 /* OKPlatform.swift */; };
		8835D6FE20E20B5D00115BE2 /* OKBOLLModel.swift in Sources */ = {isa = PBXBuildFile; fileRef = F6E1F5891E2DC26300E12D90 /* OKBOLLModel.swift */; };
		8835D6FF20E20B5D00115BE2 /* OKEMAModel.swift in Sources */ = {isa = PBXBuildFile; fileRef = F6E1F58A1E2DC26300E12D90 /* OKEMAModel.swift */; };
		8835D70020E20B5D00115BE2 /* OKEMAVOLUMEModel.swift in Sources */ = {isa = PBXBuildFile; fileRef = F6E1F58B1E2DC26300E12D90 /* OKEMAVOLUMEModel.swift */; };
		8835D70120E20B5D00115BE2 /* OKKDJModel.swift in Sources */ = {isa = PBXBuildFile; fileRef = F6E1F58C1E2DC26300E12D90 /* OKKDJModel.swift */; };
		8835D70220E20B5D00115BE2 /* OKMACDModel.swift in Sources */ = {isa = PBXBuildFile; fileRef = F6E1F58D1E2DC26300E12D90 /* OKMACDModel.swift */; };
		8835D70320E20B5D00115BE2 /* OKMAModel.swift in Sources */ = {isa = PBXBuildFile; fileRef = F6E1F58E1E2DC26300E12D90 /* OKMAModel.swift */; };
		8835D70420E20B5D00115BE2 /* OKMAVOLUMEModel.swift in Sources */ = {isa = PBXBuildFile; fileRef = F6E1F58F1E2DC26300E12D90 /* OKMAVOLUMEModel.swift */; };
		8835D70520E20B6000115BE2 /* OKKLineModel.swift in Sources */ = {isa = PBXBuildFile; fileRef = F6E1F5901E2DC26300E12D90 /* OKKLineModel.swift */; };
		8835D70620E20B6600115BE2 /* OKLineBrush.swift in Sources */ = {isa = PBXBuildFile; fileRef = F6E1F5921E2DC26300E12D90 /* OKLineBrush.swift */; };
		8835D70720E20B6600115BE2 /* OKMALineBrush.swift in Sources */ = {isa = PBXBuildFile; fileRef = F6E1F5931E2DC26300E12D90 /* OKMALineBrush.swift */; };
		8835D70820E20B6B00115BE2 /* OKKLineAccessoryView.swift in Sources */ = {isa = PBXBuildFile; fileRef = F6E1F5961E2DC26300E12D90 /* OKKLineAccessoryView.swift */; };
		8835D70920E20B6E00115BE2 /* OKKLineMainView.swift in Sources */ = {isa = PBXBuildFile; fileRef = F6E1F5981E2DC26300E12D90 /* OKKLineMainView.swift */; };
		8835D70A20E20B7100115BE2 /* OKKLineDrawView.swift in Sources */ = {isa = PBXBuildFile; fileRef = F6E1F5991E2DC26300E12D90 /* OKKLineDrawView.swift */; };
		8835D70B20E20B7100115BE2 /* OKKLineView.swift in Sources */ = {isa = PBXBuildFile; fileRef = F6E1F59A1E2DC26300E12D90 /* OKKLineView.swift */; };
		8835D70C20E20B7100115BE2 /* OKValueView.swift in Sources */ = {isa = PBXBuildFile; fileRef = F6E1F59B1E2DC26300E12D90 /* OKValueView.swift */; };
		8835D70D20E20B7400115BE2 /* OKSegmentView.swift in Sources */ = {isa = PBXBuildFile; fileRef = F6E1F59D1E2DC26300E12D90 /* OKSegmentView.swift */; };
		8835D70E20E20B7700115BE2 /* OKKLineVolumeView.swift in Sources */ = {isa = PBXBuildFile; fileRef = F6E1F59F1E2DC26300E12D90 /* OKKLineVolumeView.swift */; };
		8835D71820E2113700115BE2 /* OKKLineSwift_iOS.h in Headers */ = {isa = PBXBuildFile; fileRef = 8835D71620E2113700115BE2 /* OKKLineSwift_iOS.h */; settings = {ATTRIBUTES = (Public, ); }; };
		8835D71B20E2113700115BE2 /* OKKLineSwift_iOS.framework in Frameworks */ = {isa = PBXBuildFile; fileRef = 8835D71420E2113700115BE2 /* OKKLineSwift_iOS.framework */; };
		8835D71C20E2113700115BE2 /* OKKLineSwift_iOS.framework in Embed Frameworks */ = {isa = PBXBuildFile; fileRef = 8835D71420E2113700115BE2 /* OKKLineSwift_iOS.framework */; settings = {ATTRIBUTES = (CodeSignOnCopy, RemoveHeadersOnCopy, ); }; };
		8835D72120E2114F00115BE2 /* OKConfiguration.swift in Sources */ = {isa = PBXBuildFile; fileRef = F6E1F5851E2DC26300E12D90 /* OKConfiguration.swift */; };
		8835D72220E2114F00115BE2 /* OKPlatform.swift in Sources */ = {isa = PBXBuildFile; fileRef = F6E1F5861E2DC26300E12D90 /* OKPlatform.swift */; };
		8835D72320E2115300115BE2 /* OKBOLLModel.swift in Sources */ = {isa = PBXBuildFile; fileRef = F6E1F5891E2DC26300E12D90 /* OKBOLLModel.swift */; };
		8835D72420E2115300115BE2 /* OKEMAModel.swift in Sources */ = {isa = PBXBuildFile; fileRef = F6E1F58A1E2DC26300E12D90 /* OKEMAModel.swift */; };
		8835D72520E2115300115BE2 /* OKEMAVOLUMEModel.swift in Sources */ = {isa = PBXBuildFile; fileRef = F6E1F58B1E2DC26300E12D90 /* OKEMAVOLUMEModel.swift */; };
		8835D72620E2115300115BE2 /* OKKDJModel.swift in Sources */ = {isa = PBXBuildFile; fileRef = F6E1F58C1E2DC26300E12D90 /* OKKDJModel.swift */; };
		8835D72720E2115300115BE2 /* OKMACDModel.swift in Sources */ = {isa = PBXBuildFile; fileRef = F6E1F58D1E2DC26300E12D90 /* OKMACDModel.swift */; };
		8835D72820E2115300115BE2 /* OKMAModel.swift in Sources */ = {isa = PBXBuildFile; fileRef = F6E1F58E1E2DC26300E12D90 /* OKMAModel.swift */; };
		8835D72920E2115300115BE2 /* OKMAVOLUMEModel.swift in Sources */ = {isa = PBXBuildFile; fileRef = F6E1F58F1E2DC26300E12D90 /* OKMAVOLUMEModel.swift */; };
		8835D72A20E2115600115BE2 /* OKKLineModel.swift in Sources */ = {isa = PBXBuildFile; fileRef = F6E1F5901E2DC26300E12D90 /* OKKLineModel.swift */; };
		8835D72B20E2115A00115BE2 /* OKLineBrush.swift in Sources */ = {isa = PBXBuildFile; fileRef = F6E1F5921E2DC26300E12D90 /* OKLineBrush.swift */; };
		8835D72C20E2115A00115BE2 /* OKMALineBrush.swift in Sources */ = {isa = PBXBuildFile; fileRef = F6E1F5931E2DC26300E12D90 /* OKMALineBrush.swift */; };
		8835D72D20E2115D00115BE2 /* OKKLineAccessoryView.swift in Sources */ = {isa = PBXBuildFile; fileRef = F6E1F5961E2DC26300E12D90 /* OKKLineAccessoryView.swift */; };
		8835D72E20E2115F00115BE2 /* OKKLineMainView.swift in Sources */ = {isa = PBXBuildFile; fileRef = F6E1F5981E2DC26300E12D90 /* OKKLineMainView.swift */; };
		8835D72F20E2116300115BE2 /* OKKLineDrawView.swift in Sources */ = {isa = PBXBuildFile; fileRef = F6E1F5991E2DC26300E12D90 /* OKKLineDrawView.swift */; };
		8835D73020E2116300115BE2 /* OKKLineView.swift in Sources */ = {isa = PBXBuildFile; fileRef = F6E1F59A1E2DC26300E12D90 /* OKKLineView.swift */; };
		8835D73120E2116300115BE2 /* OKValueView.swift in Sources */ = {isa = PBXBuildFile; fileRef = F6E1F59B1E2DC26300E12D90 /* OKValueView.swift */; };
		8835D73220E2116600115BE2 /* OKSegmentView.swift in Sources */ = {isa = PBXBuildFile; fileRef = F6E1F59D1E2DC26300E12D90 /* OKSegmentView.swift */; };
		8835D73320E2116A00115BE2 /* OKKLineVolumeView.swift in Sources */ = {isa = PBXBuildFile; fileRef = F6E1F59F1E2DC26300E12D90 /* OKKLineVolumeView.swift */; };
		B9132EF2FB1340A249798B8A /* Pods_OKKlineSwift_macOS.framework in Frameworks */ = {isa = PBXBuildFile; fileRef = EB2C30F777D82D42C8276562 /* Pods_OKKlineSwift_macOS.framework */; };
		C159EBFC49E38B572F804E76 /* Pods_OKKLineSwift_iOS.framework in Frameworks */ = {isa = PBXBuildFile; fileRef = 3E9F1E02287BCA19EF97DD25 /* Pods_OKKLineSwift_iOS.framework */; };
		CCA425B0D057E5A7B3661FBE /* Pods_OKKLineSwift_macOS.framework in Frameworks */ = {isa = PBXBuildFile; fileRef = 41359A878E22EC16D37C88AB /* Pods_OKKLineSwift_macOS.framework */; };
		F32BAF2D14C482EBF63126DF /* Pods_OKKLineSwift_macOS_Demo.framework in Frameworks */ = {isa = PBXBuildFile; fileRef = 4D770E08B543F9649662D201 /* Pods_OKKLineSwift_macOS_Demo.framework */; };
		F600A5391DF1212300CF1C8A /* AppDelegate.swift in Sources */ = {isa = PBXBuildFile; fileRef = F600A5381DF1212300CF1C8A /* AppDelegate.swift */; };
		F600A53B1DF1212300CF1C8A /* ViewController.swift in Sources */ = {isa = PBXBuildFile; fileRef = F600A53A1DF1212300CF1C8A /* ViewController.swift */; };
		F600A53E1DF1212300CF1C8A /* Main.storyboard in Resources */ = {isa = PBXBuildFile; fileRef = F600A53C1DF1212300CF1C8A /* Main.storyboard */; };
		F600A5401DF1212300CF1C8A /* Assets.xcassets in Resources */ = {isa = PBXBuildFile; fileRef = F600A53F1DF1212300CF1C8A /* Assets.xcassets */; };
		F600A5431DF1212300CF1C8A /* LaunchScreen.storyboard in Resources */ = {isa = PBXBuildFile; fileRef = F600A5411DF1212300CF1C8A /* LaunchScreen.storyboard */; };
		F600A54E1DF1212400CF1C8A /* OKKLineSwift_iOS_DemoTests.swift in Sources */ = {isa = PBXBuildFile; fileRef = F600A54D1DF1212400CF1C8A /* OKKLineSwift_iOS_DemoTests.swift */; };
		F600A64F1DF124C500CF1C8A /* OKKLineViewController.swift in Sources */ = {isa = PBXBuildFile; fileRef = F600A64E1DF124C500CF1C8A /* OKKLineViewController.swift */; };
		F6AB1B621E1BCC6600B5260D /* AppDelegate.swift in Sources */ = {isa = PBXBuildFile; fileRef = F6AB1B611E1BCC6600B5260D /* AppDelegate.swift */; };
		F6AB1B641E1BCC6600B5260D /* ViewController.swift in Sources */ = {isa = PBXBuildFile; fileRef = F6AB1B631E1BCC6600B5260D /* ViewController.swift */; };
		F6AB1B661E1BCC6600B5260D /* Assets.xcassets in Resources */ = {isa = PBXBuildFile; fileRef = F6AB1B651E1BCC6600B5260D /* Assets.xcassets */; };
		F6AB1B691E1BCC6600B5260D /* Main.storyboard in Resources */ = {isa = PBXBuildFile; fileRef = F6AB1B671E1BCC6600B5260D /* Main.storyboard */; };
		F6AB1B741E1BCC6600B5260D /* OKKLineSwift_macOS_DemoTests.swift in Sources */ = {isa = PBXBuildFile; fileRef = F6AB1B731E1BCC6600B5260D /* OKKLineSwift_macOS_DemoTests.swift */; };
/* End PBXBuildFile section */

/* Begin PBXContainerItemProxy section */
		8835D6F420E20B2C00115BE2 /* PBXContainerItemProxy */ = {
			isa = PBXContainerItemProxy;
			containerPortal = F600A52B1DF1211000CF1C8A /* Project object */;
			proxyType = 1;
			remoteGlobalIDString = 8835D6EE20E20B2C00115BE2;
			remoteInfo = "OKKlineSwift-macOS";
		};
		8835D71920E2113700115BE2 /* PBXContainerItemProxy */ = {
			isa = PBXContainerItemProxy;
			containerPortal = F600A52B1DF1211000CF1C8A /* Project object */;
			proxyType = 1;
			remoteGlobalIDString = 8835D71320E2113700115BE2;
			remoteInfo = "OKKLineSwift-iOS";
		};
		F600A54A1DF1212400CF1C8A /* PBXContainerItemProxy */ = {
			isa = PBXContainerItemProxy;
			containerPortal = F600A52B1DF1211000CF1C8A /* Project object */;
			proxyType = 1;
			remoteGlobalIDString = F600A5341DF1212300CF1C8A;
			remoteInfo = "OKKLineSwift-iOS-Demo";
		};
		F6AB1B701E1BCC6600B5260D /* PBXContainerItemProxy */ = {
			isa = PBXContainerItemProxy;
			containerPortal = F600A52B1DF1211000CF1C8A /* Project object */;
			proxyType = 1;
			remoteGlobalIDString = F6AB1B5E1E1BCC6600B5260D;
			remoteInfo = "OKKLineSwift-macOS-Demo";
		};
/* End PBXContainerItemProxy section */

/* Begin PBXCopyFilesBuildPhase section */
		8835D6FB20E20B2C00115BE2 /* Embed Frameworks */ = {
			isa = PBXCopyFilesBuildPhase;
			buildActionMask = 2147483647;
			dstPath = "";
			dstSubfolderSpec = 10;
			files = (
				8835D6F720E20B2C00115BE2 /* OKKLineSwift_macOS.framework in Embed Frameworks */,
			);
			name = "Embed Frameworks";
			runOnlyForDeploymentPostprocessing = 0;
		};
		8835D72020E2113700115BE2 /* Embed Frameworks */ = {
			isa = PBXCopyFilesBuildPhase;
			buildActionMask = 2147483647;
			dstPath = "";
			dstSubfolderSpec = 10;
			files = (
				8835D71C20E2113700115BE2 /* OKKLineSwift_iOS.framework in Embed Frameworks */,
			);
			name = "Embed Frameworks";
			runOnlyForDeploymentPostprocessing = 0;
		};
/* End PBXCopyFilesBuildPhase section */

/* Begin PBXFileReference section */
		0D0B65D3BA98A8E4406CC775 /* Pods-OKKLineSwift-macOS-Demo.debug.xcconfig */ = {isa = PBXFileReference; includeInIndex = 1; lastKnownFileType = text.xcconfig; name = "Pods-OKKLineSwift-macOS-Demo.debug.xcconfig"; path = "Pods/Target Support Files/Pods-OKKLineSwift-macOS-Demo/Pods-OKKLineSwift-macOS-Demo.debug.xcconfig"; sourceTree = "<group>"; };
		14414C84CE7B86B8732E7D07 /* Pods_OKKLineSwift_iOS_Demo.framework */ = {isa = PBXFileReference; explicitFileType = wrapper.framework; includeInIndex = 0; path = Pods_OKKLineSwift_iOS_Demo.framework; sourceTree = BUILT_PRODUCTS_DIR; };
		1EF56DB7F7D6378D106CF783 /* Pods-OKKLineSwift-iOS-Demo.debug.xcconfig */ = {isa = PBXFileReference; includeInIndex = 1; lastKnownFileType = text.xcconfig; name = "Pods-OKKLineSwift-iOS-Demo.debug.xcconfig"; path = "Pods/Target Support Files/Pods-OKKLineSwift-iOS-Demo/Pods-OKKLineSwift-iOS-Demo.debug.xcconfig"; sourceTree = "<group>"; };
		2B239D3482E2E575AC62AA59 /* Pods_OKKLineSwift_macOS_DemoTests.framework */ = {isa = PBXFileReference; explicitFileType = wrapper.framework; includeInIndex = 0; path = Pods_OKKLineSwift_macOS_DemoTests.framework; sourceTree = BUILT_PRODUCTS_DIR; };
		3E9F1E02287BCA19EF97DD25 /* Pods_OKKLineSwift_iOS.framework */ = {isa = PBXFileReference; explicitFileType = wrapper.framework; includeInIndex = 0; path = Pods_OKKLineSwift_iOS.framework; sourceTree = BUILT_PRODUCTS_DIR; };
		40BD84927F22F754DD4179CC /* Pods_OKKLineSwift_iOS_DemoTests.framework */ = {isa = PBXFileReference; explicitFileType = wrapper.framework; includeInIndex = 0; path = Pods_OKKLineSwift_iOS_DemoTests.framework; sourceTree = BUILT_PRODUCTS_DIR; };
		41359A878E22EC16D37C88AB /* Pods_OKKLineSwift_macOS.framework */ = {isa = PBXFileReference; explicitFileType = wrapper.framework; includeInIndex = 0; path = Pods_OKKLineSwift_macOS.framework; sourceTree = BUILT_PRODUCTS_DIR; };
		449BBE750DED9FBEC98390E1 /* Pods-OKKLineSwift-iOS.release.xcconfig */ = {isa = PBXFileReference; includeInIndex = 1; lastKnownFileType = text.xcconfig; name = "Pods-OKKLineSwift-iOS.release.xcconfig"; path = "Pods/Target Support Files/Pods-OKKLineSwift-iOS/Pods-OKKLineSwift-iOS.release.xcconfig"; sourceTree = "<group>"; };
		4D770E08B543F9649662D201 /* Pods_OKKLineSwift_macOS_Demo.framework */ = {isa = PBXFileReference; explicitFileType = wrapper.framework; includeInIndex = 0; path = Pods_OKKLineSwift_macOS_Demo.framework; sourceTree = BUILT_PRODUCTS_DIR; };
		843F955393173DA784A20BB7 /* Pods-OKKLineSwift-iOS.debug.xcconfig */ = {isa = PBXFileReference; includeInIndex = 1; lastKnownFileType = text.xcconfig; name = "Pods-OKKLineSwift-iOS.debug.xcconfig"; path = "Pods/Target Support Files/Pods-OKKLineSwift-iOS/Pods-OKKLineSwift-iOS.debug.xcconfig"; sourceTree = "<group>"; };
		8835D6EF20E20B2C00115BE2 /* OKKLineSwift_macOS.framework */ = {isa = PBXFileReference; explicitFileType = wrapper.framework; includeInIndex = 0; path = OKKLineSwift_macOS.framework; sourceTree = BUILT_PRODUCTS_DIR; };
		8835D6F120E20B2C00115BE2 /* OKKlineSwift_macOS.h */ = {isa = PBXFileReference; lastKnownFileType = sourcecode.c.h; path = OKKlineSwift_macOS.h; sourceTree = "<group>"; };
		8835D6F220E20B2C00115BE2 /* Info.plist */ = {isa = PBXFileReference; lastKnownFileType = text.plist.xml; path = Info.plist; sourceTree = "<group>"; };
		8835D71420E2113700115BE2 /* OKKLineSwift_iOS.framework */ = {isa = PBXFileReference; explicitFileType = wrapper.framework; includeInIndex = 0; path = OKKLineSwift_iOS.framework; sourceTree = BUILT_PRODUCTS_DIR; };
		8835D71620E2113700115BE2 /* OKKLineSwift_iOS.h */ = {isa = PBXFileReference; lastKnownFileType = sourcecode.c.h; path = OKKLineSwift_iOS.h; sourceTree = "<group>"; };
		8835D71720E2113700115BE2 /* Info.plist */ = {isa = PBXFileReference; lastKnownFileType = text.plist.xml; path = Info.plist; sourceTree = "<group>"; };
		915373F478F87B047B0004F0 /* Pods-OKKlineSwift-macOS.debug.xcconfig */ = {isa = PBXFileReference; includeInIndex = 1; lastKnownFileType = text.xcconfig; name = "Pods-OKKlineSwift-macOS.debug.xcconfig"; path = "Pods/Target Support Files/Pods-OKKlineSwift-macOS/Pods-OKKlineSwift-macOS.debug.xcconfig"; sourceTree = "<group>"; };
		C89A116839A2361B672B461E /* Pods-OKKLineSwift-macOS.debug.xcconfig */ = {isa = PBXFileReference; includeInIndex = 1; lastKnownFileType = text.xcconfig; name = "Pods-OKKLineSwift-macOS.debug.xcconfig"; path = "Pods/Target Support Files/Pods-OKKLineSwift-macOS/Pods-OKKLineSwift-macOS.debug.xcconfig"; sourceTree = "<group>"; };
		D291C847EADB22800CDB3C2B /* Pods-OKKlineSwift-macOS.release.xcconfig */ = {isa = PBXFileReference; includeInIndex = 1; lastKnownFileType = text.xcconfig; name = "Pods-OKKlineSwift-macOS.release.xcconfig"; path = "Pods/Target Support Files/Pods-OKKlineSwift-macOS/Pods-OKKlineSwift-macOS.release.xcconfig"; sourceTree = "<group>"; };
		E5BD8D7F9301BC4A7C1A0D89 /* Pods-OKKLineSwift-macOS-Demo.release.xcconfig */ = {isa = PBXFileReference; includeInIndex = 1; lastKnownFileType = text.xcconfig; name = "Pods-OKKLineSwift-macOS-Demo.release.xcconfig"; path = "Pods/Target Support Files/Pods-OKKLineSwift-macOS-Demo/Pods-OKKLineSwift-macOS-Demo.release.xcconfig"; sourceTree = "<group>"; };
		E7D83C88E50068A801EF4C1E /* Pods-OKKLineSwift-macOS.release.xcconfig */ = {isa = PBXFileReference; includeInIndex = 1; lastKnownFileType = text.xcconfig; name = "Pods-OKKLineSwift-macOS.release.xcconfig"; path = "Pods/Target Support Files/Pods-OKKLineSwift-macOS/Pods-OKKLineSwift-macOS.release.xcconfig"; sourceTree = "<group>"; };
		EB2C30F777D82D42C8276562 /* Pods_OKKlineSwift_macOS.framework */ = {isa = PBXFileReference; explicitFileType = wrapper.framework; includeInIndex = 0; path = Pods_OKKlineSwift_macOS.framework; sourceTree = BUILT_PRODUCTS_DIR; };
		F4124D9A80FE827D3DE5C115 /* Pods-OKKLineSwift-iOS-Demo.release.xcconfig */ = {isa = PBXFileReference; includeInIndex = 1; lastKnownFileType = text.xcconfig; name = "Pods-OKKLineSwift-iOS-Demo.release.xcconfig"; path = "Pods/Target Support Files/Pods-OKKLineSwift-iOS-Demo/Pods-OKKLineSwift-iOS-Demo.release.xcconfig"; sourceTree = "<group>"; };
		F600A5351DF1212300CF1C8A /* OKKLineSwift-iOS-Demo.app */ = {isa = PBXFileReference; explicitFileType = wrapper.application; includeInIndex = 0; path = "OKKLineSwift-iOS-Demo.app"; sourceTree = BUILT_PRODUCTS_DIR; };
		F600A5381DF1212300CF1C8A /* AppDelegate.swift */ = {isa = PBXFileReference; lastKnownFileType = sourcecode.swift; path = AppDelegate.swift; sourceTree = "<group>"; };
		F600A53A1DF1212300CF1C8A /* ViewController.swift */ = {isa = PBXFileReference; lastKnownFileType = sourcecode.swift; path = ViewController.swift; sourceTree = "<group>"; };
		F600A53D1DF1212300CF1C8A /* Base */ = {isa = PBXFileReference; lastKnownFileType = file.storyboard; name = Base; path = Base.lproj/Main.storyboard; sourceTree = "<group>"; };
		F600A53F1DF1212300CF1C8A /* Assets.xcassets */ = {isa = PBXFileReference; lastKnownFileType = folder.assetcatalog; path = Assets.xcassets; sourceTree = "<group>"; };
		F600A5421DF1212300CF1C8A /* Base */ = {isa = PBXFileReference; lastKnownFileType = file.storyboard; name = Base; path = Base.lproj/LaunchScreen.storyboard; sourceTree = "<group>"; };
		F600A5441DF1212300CF1C8A /* Info.plist */ = {isa = PBXFileReference; lastKnownFileType = text.plist.xml; path = Info.plist; sourceTree = "<group>"; };
		F600A5491DF1212400CF1C8A /* OKKLineSwift-iOS-DemoTests.xctest */ = {isa = PBXFileReference; explicitFileType = wrapper.cfbundle; includeInIndex = 0; path = "OKKLineSwift-iOS-DemoTests.xctest"; sourceTree = BUILT_PRODUCTS_DIR; };
		F600A54D1DF1212400CF1C8A /* OKKLineSwift_iOS_DemoTests.swift */ = {isa = PBXFileReference; lastKnownFileType = sourcecode.swift; path = OKKLineSwift_iOS_DemoTests.swift; sourceTree = "<group>"; };
		F600A54F1DF1212400CF1C8A /* Info.plist */ = {isa = PBXFileReference; lastKnownFileType = text.plist.xml; path = Info.plist; sourceTree = "<group>"; };
		F600A64E1DF124C500CF1C8A /* OKKLineViewController.swift */ = {isa = PBXFileReference; fileEncoding = 4; lastKnownFileType = sourcecode.swift; path = OKKLineViewController.swift; sourceTree = "<group>"; };
		F6AB1B5F1E1BCC6600B5260D /* OKKLineSwift-macOS-Demo.app */ = {isa = PBXFileReference; explicitFileType = wrapper.application; includeInIndex = 0; path = "OKKLineSwift-macOS-Demo.app"; sourceTree = BUILT_PRODUCTS_DIR; };
		F6AB1B611E1BCC6600B5260D /* AppDelegate.swift */ = {isa = PBXFileReference; lastKnownFileType = sourcecode.swift; path = AppDelegate.swift; sourceTree = "<group>"; };
		F6AB1B631E1BCC6600B5260D /* ViewController.swift */ = {isa = PBXFileReference; lastKnownFileType = sourcecode.swift; path = ViewController.swift; sourceTree = "<group>"; };
		F6AB1B651E1BCC6600B5260D /* Assets.xcassets */ = {isa = PBXFileReference; lastKnownFileType = folder.assetcatalog; path = Assets.xcassets; sourceTree = "<group>"; };
		F6AB1B681E1BCC6600B5260D /* Base */ = {isa = PBXFileReference; lastKnownFileType = file.storyboard; name = Base; path = Base.lproj/Main.storyboard; sourceTree = "<group>"; };
		F6AB1B6A1E1BCC6600B5260D /* Info.plist */ = {isa = PBXFileReference; lastKnownFileType = text.plist.xml; path = Info.plist; sourceTree = "<group>"; };
		F6AB1B6F1E1BCC6600B5260D /* OKKLineSwift-macOS-DemoTests.xctest */ = {isa = PBXFileReference; explicitFileType = wrapper.cfbundle; includeInIndex = 0; path = "OKKLineSwift-macOS-DemoTests.xctest"; sourceTree = BUILT_PRODUCTS_DIR; };
		F6AB1B731E1BCC6600B5260D /* OKKLineSwift_macOS_DemoTests.swift */ = {isa = PBXFileReference; lastKnownFileType = sourcecode.swift; path = OKKLineSwift_macOS_DemoTests.swift; sourceTree = "<group>"; };
		F6AB1B751E1BCC6600B5260D /* Info.plist */ = {isa = PBXFileReference; lastKnownFileType = text.plist.xml; path = Info.plist; sourceTree = "<group>"; };
		F6E1F5851E2DC26300E12D90 /* OKConfiguration.swift */ = {isa = PBXFileReference; fileEncoding = 4; lastKnownFileType = sourcecode.swift; path = OKConfiguration.swift; sourceTree = "<group>"; };
		F6E1F5861E2DC26300E12D90 /* OKPlatform.swift */ = {isa = PBXFileReference; fileEncoding = 4; lastKnownFileType = sourcecode.swift; path = OKPlatform.swift; sourceTree = "<group>"; };
		F6E1F5891E2DC26300E12D90 /* OKBOLLModel.swift */ = {isa = PBXFileReference; fileEncoding = 4; lastKnownFileType = sourcecode.swift; path = OKBOLLModel.swift; sourceTree = "<group>"; };
		F6E1F58A1E2DC26300E12D90 /* OKEMAModel.swift */ = {isa = PBXFileReference; fileEncoding = 4; lastKnownFileType = sourcecode.swift; path = OKEMAModel.swift; sourceTree = "<group>"; };
		F6E1F58B1E2DC26300E12D90 /* OKEMAVOLUMEModel.swift */ = {isa = PBXFileReference; fileEncoding = 4; lastKnownFileType = sourcecode.swift; path = OKEMAVOLUMEModel.swift; sourceTree = "<group>"; };
		F6E1F58C1E2DC26300E12D90 /* OKKDJModel.swift */ = {isa = PBXFileReference; fileEncoding = 4; lastKnownFileType = sourcecode.swift; path = OKKDJModel.swift; sourceTree = "<group>"; };
		F6E1F58D1E2DC26300E12D90 /* OKMACDModel.swift */ = {isa = PBXFileReference; fileEncoding = 4; lastKnownFileType = sourcecode.swift; path = OKMACDModel.swift; sourceTree = "<group>"; };
		F6E1F58E1E2DC26300E12D90 /* OKMAModel.swift */ = {isa = PBXFileReference; fileEncoding = 4; lastKnownFileType = sourcecode.swift; path = OKMAModel.swift; sourceTree = "<group>"; };
		F6E1F58F1E2DC26300E12D90 /* OKMAVOLUMEModel.swift */ = {isa = PBXFileReference; fileEncoding = 4; lastKnownFileType = sourcecode.swift; path = OKMAVOLUMEModel.swift; sourceTree = "<group>"; };
		F6E1F5901E2DC26300E12D90 /* OKKLineModel.swift */ = {isa = PBXFileReference; fileEncoding = 4; lastKnownFileType = sourcecode.swift; path = OKKLineModel.swift; sourceTree = "<group>"; };
		F6E1F5921E2DC26300E12D90 /* OKLineBrush.swift */ = {isa = PBXFileReference; fileEncoding = 4; lastKnownFileType = sourcecode.swift; path = OKLineBrush.swift; sourceTree = "<group>"; };
		F6E1F5931E2DC26300E12D90 /* OKMALineBrush.swift */ = {isa = PBXFileReference; fileEncoding = 4; lastKnownFileType = sourcecode.swift; path = OKMALineBrush.swift; sourceTree = "<group>"; };
		F6E1F5961E2DC26300E12D90 /* OKKLineAccessoryView.swift */ = {isa = PBXFileReference; fileEncoding = 4; lastKnownFileType = sourcecode.swift; path = OKKLineAccessoryView.swift; sourceTree = "<group>"; };
		F6E1F5981E2DC26300E12D90 /* OKKLineMainView.swift */ = {isa = PBXFileReference; fileEncoding = 4; lastKnownFileType = sourcecode.swift; path = OKKLineMainView.swift; sourceTree = "<group>"; };
		F6E1F5991E2DC26300E12D90 /* OKKLineDrawView.swift */ = {isa = PBXFileReference; fileEncoding = 4; lastKnownFileType = sourcecode.swift; path = OKKLineDrawView.swift; sourceTree = "<group>"; };
		F6E1F59A1E2DC26300E12D90 /* OKKLineView.swift */ = {isa = PBXFileReference; fileEncoding = 4; lastKnownFileType = sourcecode.swift; path = OKKLineView.swift; sourceTree = "<group>"; };
		F6E1F59B1E2DC26300E12D90 /* OKValueView.swift */ = {isa = PBXFileReference; fileEncoding = 4; lastKnownFileType = sourcecode.swift; path = OKValueView.swift; sourceTree = "<group>"; };
		F6E1F59D1E2DC26300E12D90 /* OKSegmentView.swift */ = {isa = PBXFileReference; fileEncoding = 4; lastKnownFileType = sourcecode.swift; path = OKSegmentView.swift; sourceTree = "<group>"; };
		F6E1F59F1E2DC26300E12D90 /* OKKLineVolumeView.swift */ = {isa = PBXFileReference; fileEncoding = 4; lastKnownFileType = sourcecode.swift; path = OKKLineVolumeView.swift; sourceTree = "<group>"; };
/* End PBXFileReference section */

/* Begin PBXFrameworksBuildPhase section */
		8835D6EB20E20B2C00115BE2 /* Frameworks */ = {
			isa = PBXFrameworksBuildPhase;
			buildActionMask = 2147483647;
			files = (
				B9132EF2FB1340A249798B8A /* Pods_OKKlineSwift_macOS.framework in Frameworks */,
				CCA425B0D057E5A7B3661FBE /* Pods_OKKLineSwift_macOS.framework in Frameworks */,
			);
			runOnlyForDeploymentPostprocessing = 0;
		};
		8835D71020E2113700115BE2 /* Frameworks */ = {
			isa = PBXFrameworksBuildPhase;
			buildActionMask = 2147483647;
			files = (
				C159EBFC49E38B572F804E76 /* Pods_OKKLineSwift_iOS.framework in Frameworks */,
			);
			runOnlyForDeploymentPostprocessing = 0;
		};
		F600A5321DF1212300CF1C8A /* Frameworks */ = {
			isa = PBXFrameworksBuildPhase;
			buildActionMask = 2147483647;
			files = (
				8835D71B20E2113700115BE2 /* OKKLineSwift_iOS.framework in Frameworks */,
				3062CD13401129259503461F /* Pods_OKKLineSwift_iOS_Demo.framework in Frameworks */,
			);
			runOnlyForDeploymentPostprocessing = 0;
		};
		F600A5461DF1212400CF1C8A /* Frameworks */ = {
			isa = PBXFrameworksBuildPhase;
			buildActionMask = 2147483647;
			files = (
			);
			runOnlyForDeploymentPostprocessing = 0;
		};
		F6AB1B5C1E1BCC6600B5260D /* Frameworks */ = {
			isa = PBXFrameworksBuildPhase;
			buildActionMask = 2147483647;
			files = (
				8835D6F620E20B2C00115BE2 /* OKKLineSwift_macOS.framework in Frameworks */,
				F32BAF2D14C482EBF63126DF /* Pods_OKKLineSwift_macOS_Demo.framework in Frameworks */,
			);
			runOnlyForDeploymentPostprocessing = 0;
		};
		F6AB1B6C1E1BCC6600B5260D /* Frameworks */ = {
			isa = PBXFrameworksBuildPhase;
			buildActionMask = 2147483647;
			files = (
			);
			runOnlyForDeploymentPostprocessing = 0;
		};
/* End PBXFrameworksBuildPhase section */

/* Begin PBXGroup section */
		23053B3D91D5B07D34686D55 /* Pods */ = {
			isa = PBXGroup;
			children = (
				1EF56DB7F7D6378D106CF783 /* Pods-OKKLineSwift-iOS-Demo.debug.xcconfig */,
				F4124D9A80FE827D3DE5C115 /* Pods-OKKLineSwift-iOS-Demo.release.xcconfig */,
				0D0B65D3BA98A8E4406CC775 /* Pods-OKKLineSwift-macOS-Demo.debug.xcconfig */,
				E5BD8D7F9301BC4A7C1A0D89 /* Pods-OKKLineSwift-macOS-Demo.release.xcconfig */,
				915373F478F87B047B0004F0 /* Pods-OKKlineSwift-macOS.debug.xcconfig */,
				D291C847EADB22800CDB3C2B /* Pods-OKKlineSwift-macOS.release.xcconfig */,
				843F955393173DA784A20BB7 /* Pods-OKKLineSwift-iOS.debug.xcconfig */,
				449BBE750DED9FBEC98390E1 /* Pods-OKKLineSwift-iOS.release.xcconfig */,
				C89A116839A2361B672B461E /* Pods-OKKLineSwift-macOS.debug.xcconfig */,
				E7D83C88E50068A801EF4C1E /* Pods-OKKLineSwift-macOS.release.xcconfig */,
			);
			name = Pods;
			sourceTree = "<group>";
		};
		8835D6F020E20B2C00115BE2 /* OKKlineSwift-macOS */ = {
			isa = PBXGroup;
			children = (
				8835D6F120E20B2C00115BE2 /* OKKlineSwift_macOS.h */,
				8835D6F220E20B2C00115BE2 /* Info.plist */,
			);
			path = "OKKlineSwift-macOS";
			sourceTree = "<group>";
		};
		8835D71520E2113700115BE2 /* OKKLineSwift-iOS */ = {
			isa = PBXGroup;
			children = (
				8835D71620E2113700115BE2 /* OKKLineSwift_iOS.h */,
				8835D71720E2113700115BE2 /* Info.plist */,
			);
			path = "OKKLineSwift-iOS";
			sourceTree = "<group>";
		};
		8D9494BE1BF1FF220BC9CED9 /* Frameworks */ = {
			isa = PBXGroup;
			children = (
				14414C84CE7B86B8732E7D07 /* Pods_OKKLineSwift_iOS_Demo.framework */,
				40BD84927F22F754DD4179CC /* Pods_OKKLineSwift_iOS_DemoTests.framework */,
				4D770E08B543F9649662D201 /* Pods_OKKLineSwift_macOS_Demo.framework */,
				2B239D3482E2E575AC62AA59 /* Pods_OKKLineSwift_macOS_DemoTests.framework */,
				EB2C30F777D82D42C8276562 /* Pods_OKKlineSwift_macOS.framework */,
				3E9F1E02287BCA19EF97DD25 /* Pods_OKKLineSwift_iOS.framework */,
				41359A878E22EC16D37C88AB /* Pods_OKKLineSwift_macOS.framework */,
			);
			name = Frameworks;
			sourceTree = "<group>";
		};
		F600A52A1DF1211000CF1C8A = {
			isa = PBXGroup;
			children = (
				F6E1F5831E2DC26300E12D90 /* OKKLineSwift */,
				F600A5371DF1212300CF1C8A /* OKKLineSwift-iOS-Demo */,
				F600A54C1DF1212400CF1C8A /* OKKLineSwift-iOS-DemoTests */,
				F6AB1B601E1BCC6600B5260D /* OKKLineSwift-macOS-Demo */,
				F6AB1B721E1BCC6600B5260D /* OKKLineSwift-macOS-DemoTests */,
				8835D6F020E20B2C00115BE2 /* OKKlineSwift-macOS */,
				8835D71520E2113700115BE2 /* OKKLineSwift-iOS */,
				F600A5361DF1212300CF1C8A /* Products */,
				23053B3D91D5B07D34686D55 /* Pods */,
				8D9494BE1BF1FF220BC9CED9 /* Frameworks */,
			);
			sourceTree = "<group>";
		};
		F600A5361DF1212300CF1C8A /* Products */ = {
			isa = PBXGroup;
			children = (
				F600A5351DF1212300CF1C8A /* OKKLineSwift-iOS-Demo.app */,
				F600A5491DF1212400CF1C8A /* OKKLineSwift-iOS-DemoTests.xctest */,
				F6AB1B5F1E1BCC6600B5260D /* OKKLineSwift-macOS-Demo.app */,
				F6AB1B6F1E1BCC6600B5260D /* OKKLineSwift-macOS-DemoTests.xctest */,
				8835D6EF20E20B2C00115BE2 /* OKKLineSwift_macOS.framework */,
				8835D71420E2113700115BE2 /* OKKLineSwift_iOS.framework */,
			);
			name = Products;
			sourceTree = "<group>";
		};
		F600A5371DF1212300CF1C8A /* OKKLineSwift-iOS-Demo */ = {
			isa = PBXGroup;
			children = (
				F600A5381DF1212300CF1C8A /* AppDelegate.swift */,
				F600A53A1DF1212300CF1C8A /* ViewController.swift */,
				F600A64E1DF124C500CF1C8A /* OKKLineViewController.swift */,
				F600A53C1DF1212300CF1C8A /* Main.storyboard */,
				F600A53F1DF1212300CF1C8A /* Assets.xcassets */,
				F600A5411DF1212300CF1C8A /* LaunchScreen.storyboard */,
				F600A5441DF1212300CF1C8A /* Info.plist */,
			);
			path = "OKKLineSwift-iOS-Demo";
			sourceTree = "<group>";
		};
		F600A54C1DF1212400CF1C8A /* OKKLineSwift-iOS-DemoTests */ = {
			isa = PBXGroup;
			children = (
				F600A54D1DF1212400CF1C8A /* OKKLineSwift_iOS_DemoTests.swift */,
				F600A54F1DF1212400CF1C8A /* Info.plist */,
			);
			path = "OKKLineSwift-iOS-DemoTests";
			sourceTree = "<group>";
		};
		F6AB1B601E1BCC6600B5260D /* OKKLineSwift-macOS-Demo */ = {
			isa = PBXGroup;
			children = (
				F6AB1B611E1BCC6600B5260D /* AppDelegate.swift */,
				F6AB1B631E1BCC6600B5260D /* ViewController.swift */,
				F6AB1B651E1BCC6600B5260D /* Assets.xcassets */,
				F6AB1B671E1BCC6600B5260D /* Main.storyboard */,
				F6AB1B6A1E1BCC6600B5260D /* Info.plist */,
			);
			path = "OKKLineSwift-macOS-Demo";
			sourceTree = "<group>";
		};
		F6AB1B721E1BCC6600B5260D /* OKKLineSwift-macOS-DemoTests */ = {
			isa = PBXGroup;
			children = (
				F6AB1B731E1BCC6600B5260D /* OKKLineSwift_macOS_DemoTests.swift */,
				F6AB1B751E1BCC6600B5260D /* Info.plist */,
			);
			path = "OKKLineSwift-macOS-DemoTests";
			sourceTree = "<group>";
		};
		F6E1F5831E2DC26300E12D90 /* OKKLineSwift */ = {
			isa = PBXGroup;
			children = (
				F6E1F5841E2DC26300E12D90 /* Configuration */,
				F6E1F5871E2DC26300E12D90 /* Models */,
				F6E1F5911E2DC26300E12D90 /* Tools */,
				F6E1F5941E2DC26300E12D90 /* Views */,
			);
			path = OKKLineSwift;
			sourceTree = "<group>";
		};
		F6E1F5841E2DC26300E12D90 /* Configuration */ = {
			isa = PBXGroup;
			children = (
				F6E1F5851E2DC26300E12D90 /* OKConfiguration.swift */,
				F6E1F5861E2DC26300E12D90 /* OKPlatform.swift */,
			);
			path = Configuration;
			sourceTree = "<group>";
		};
		F6E1F5871E2DC26300E12D90 /* Models */ = {
			isa = PBXGroup;
			children = (
				F6E1F5881E2DC26300E12D90 /* Indicators */,
				F6E1F5901E2DC26300E12D90 /* OKKLineModel.swift */,
			);
			path = Models;
			sourceTree = "<group>";
		};
		F6E1F5881E2DC26300E12D90 /* Indicators */ = {
			isa = PBXGroup;
			children = (
				F6E1F5891E2DC26300E12D90 /* OKBOLLModel.swift */,
				F6E1F58A1E2DC26300E12D90 /* OKEMAModel.swift */,
				F6E1F58B1E2DC26300E12D90 /* OKEMAVOLUMEModel.swift */,
				F6E1F58C1E2DC26300E12D90 /* OKKDJModel.swift */,
				F6E1F58D1E2DC26300E12D90 /* OKMACDModel.swift */,
				F6E1F58E1E2DC26300E12D90 /* OKMAModel.swift */,
				F6E1F58F1E2DC26300E12D90 /* OKMAVOLUMEModel.swift */,
			);
			path = Indicators;
			sourceTree = "<group>";
		};
		F6E1F5911E2DC26300E12D90 /* Tools */ = {
			isa = PBXGroup;
			children = (
				F6E1F5921E2DC26300E12D90 /* OKLineBrush.swift */,
				F6E1F5931E2DC26300E12D90 /* OKMALineBrush.swift */,
			);
			path = Tools;
			sourceTree = "<group>";
		};
		F6E1F5941E2DC26300E12D90 /* Views */ = {
			isa = PBXGroup;
			children = (
				F6E1F5951E2DC26300E12D90 /* AccessoryView */,
				F6E1F5971E2DC26300E12D90 /* MainView */,
				F6E1F5991E2DC26300E12D90 /* OKKLineDrawView.swift */,
				F6E1F59A1E2DC26300E12D90 /* OKKLineView.swift */,
				F6E1F59B1E2DC26300E12D90 /* OKValueView.swift */,
				F6E1F59C1E2DC26300E12D90 /* SegmentView */,
				F6E1F59E1E2DC26300E12D90 /* VolumeView */,
			);
			path = Views;
			sourceTree = "<group>";
		};
		F6E1F5951E2DC26300E12D90 /* AccessoryView */ = {
			isa = PBXGroup;
			children = (
				F6E1F5961E2DC26300E12D90 /* OKKLineAccessoryView.swift */,
			);
			path = AccessoryView;
			sourceTree = "<group>";
		};
		F6E1F5971E2DC26300E12D90 /* MainView */ = {
			isa = PBXGroup;
			children = (
				F6E1F5981E2DC26300E12D90 /* OKKLineMainView.swift */,
			);
			path = MainView;
			sourceTree = "<group>";
		};
		F6E1F59C1E2DC26300E12D90 /* SegmentView */ = {
			isa = PBXGroup;
			children = (
				F6E1F59D1E2DC26300E12D90 /* OKSegmentView.swift */,
			);
			path = SegmentView;
			sourceTree = "<group>";
		};
		F6E1F59E1E2DC26300E12D90 /* VolumeView */ = {
			isa = PBXGroup;
			children = (
				F6E1F59F1E2DC26300E12D90 /* OKKLineVolumeView.swift */,
			);
			path = VolumeView;
			sourceTree = "<group>";
		};
/* End PBXGroup section */

/* Begin PBXHeadersBuildPhase section */
		8835D6EC20E20B2C00115BE2 /* Headers */ = {
			isa = PBXHeadersBuildPhase;
			buildActionMask = 2147483647;
			files = (
				8835D6F320E20B2C00115BE2 /* OKKlineSwift_macOS.h in Headers */,
			);
			runOnlyForDeploymentPostprocessing = 0;
		};
		8835D71120E2113700115BE2 /* Headers */ = {
			isa = PBXHeadersBuildPhase;
			buildActionMask = 2147483647;
			files = (
				8835D71820E2113700115BE2 /* OKKLineSwift_iOS.h in Headers */,
			);
			runOnlyForDeploymentPostprocessing = 0;
		};
/* End PBXHeadersBuildPhase section */

/* Begin PBXNativeTarget section */
		8835D6EE20E20B2C00115BE2 /* OKKLineSwift-macOS */ = {
			isa = PBXNativeTarget;
			buildConfigurationList = 8835D6F820E20B2C00115BE2 /* Build configuration list for PBXNativeTarget "OKKLineSwift-macOS" */;
			buildPhases = (
				ECDCABE363CFC195E36E3D1C /* [CP] Check Pods Manifest.lock */,
				8835D6EA20E20B2C00115BE2 /* Sources */,
				8835D6EB20E20B2C00115BE2 /* Frameworks */,
				8835D6EC20E20B2C00115BE2 /* Headers */,
				8835D6ED20E20B2C00115BE2 /* Resources */,
			);
			buildRules = (
			);
			dependencies = (
			);
			name = "OKKLineSwift-macOS";
			productName = "OKKlineSwift-macOS";
			productReference = 8835D6EF20E20B2C00115BE2 /* OKKLineSwift_macOS.framework */;
			productType = "com.apple.product-type.framework";
		};
		8835D71320E2113700115BE2 /* OKKLineSwift-iOS */ = {
			isa = PBXNativeTarget;
			buildConfigurationList = 8835D71F20E2113700115BE2 /* Build configuration list for PBXNativeTarget "OKKLineSwift-iOS" */;
			buildPhases = (
				B107431BECA1152B477D925E /* [CP] Check Pods Manifest.lock */,
				8835D70F20E2113700115BE2 /* Sources */,
				8835D71020E2113700115BE2 /* Frameworks */,
				8835D71120E2113700115BE2 /* Headers */,
				8835D71220E2113700115BE2 /* Resources */,
			);
			buildRules = (
			);
			dependencies = (
			);
			name = "OKKLineSwift-iOS";
			productName = "OKKLineSwift-iOS";
			productReference = 8835D71420E2113700115BE2 /* OKKLineSwift_iOS.framework */;
			productType = "com.apple.product-type.framework";
		};
		F600A5341DF1212300CF1C8A /* OKKLineSwift-iOS-Demo */ = {
			isa = PBXNativeTarget;
			buildConfigurationList = F600A5501DF1212400CF1C8A /* Build configuration list for PBXNativeTarget "OKKLineSwift-iOS-Demo" */;
			buildPhases = (
				14B61FF679A2AECC1BE4BE68 /* [CP] Check Pods Manifest.lock */,
				F600A5311DF1212300CF1C8A /* Sources */,
				F600A5321DF1212300CF1C8A /* Frameworks */,
				F600A5331DF1212300CF1C8A /* Resources */,
				A3A82569DD49F71DCC919D10 /* [CP] Embed Pods Frameworks */,
				8835D72020E2113700115BE2 /* Embed Frameworks */,
			);
			buildRules = (
			);
			dependencies = (
				8835D71A20E2113700115BE2 /* PBXTargetDependency */,
			);
			name = "OKKLineSwift-iOS-Demo";
			productName = "OKKLineSwift-iOS-Demo";
			productReference = F600A5351DF1212300CF1C8A /* OKKLineSwift-iOS-Demo.app */;
			productType = "com.apple.product-type.application";
		};
		F600A5481DF1212400CF1C8A /* OKKLineSwift-iOS-DemoTests */ = {
			isa = PBXNativeTarget;
			buildConfigurationList = F600A5531DF1212400CF1C8A /* Build configuration list for PBXNativeTarget "OKKLineSwift-iOS-DemoTests" */;
			buildPhases = (
				F600A5451DF1212400CF1C8A /* Sources */,
				F600A5461DF1212400CF1C8A /* Frameworks */,
				F600A5471DF1212400CF1C8A /* Resources */,
			);
			buildRules = (
			);
			dependencies = (
				F600A54B1DF1212400CF1C8A /* PBXTargetDependency */,
			);
			name = "OKKLineSwift-iOS-DemoTests";
			productName = "OKKLineSwift-iOS-DemoTests";
			productReference = F600A5491DF1212400CF1C8A /* OKKLineSwift-iOS-DemoTests.xctest */;
			productType = "com.apple.product-type.bundle.unit-test";
		};
		F6AB1B5E1E1BCC6600B5260D /* OKKLineSwift-macOS-Demo */ = {
			isa = PBXNativeTarget;
			buildConfigurationList = F6AB1B761E1BCC6600B5260D /* Build configuration list for PBXNativeTarget "OKKLineSwift-macOS-Demo" */;
			buildPhases = (
				4182E3F29DFC41432417E18E /* [CP] Check Pods Manifest.lock */,
				F6AB1B5B1E1BCC6600B5260D /* Sources */,
				F6AB1B5C1E1BCC6600B5260D /* Frameworks */,
				F6AB1B5D1E1BCC6600B5260D /* Resources */,
				B5B280A09495BF29C2595DB7 /* [CP] Embed Pods Frameworks */,
				8835D6FB20E20B2C00115BE2 /* Embed Frameworks */,
			);
			buildRules = (
			);
			dependencies = (
				8835D6F520E20B2C00115BE2 /* PBXTargetDependency */,
			);
			name = "OKKLineSwift-macOS-Demo";
			productName = "OKKLineSwift-macOS-Demo";
			productReference = F6AB1B5F1E1BCC6600B5260D /* OKKLineSwift-macOS-Demo.app */;
			productType = "com.apple.product-type.application";
		};
		F6AB1B6E1E1BCC6600B5260D /* OKKLineSwift-macOS-DemoTests */ = {
			isa = PBXNativeTarget;
			buildConfigurationList = F6AB1B791E1BCC6600B5260D /* Build configuration list for PBXNativeTarget "OKKLineSwift-macOS-DemoTests" */;
			buildPhases = (
				F6AB1B6B1E1BCC6600B5260D /* Sources */,
				F6AB1B6C1E1BCC6600B5260D /* Frameworks */,
				F6AB1B6D1E1BCC6600B5260D /* Resources */,
			);
			buildRules = (
			);
			dependencies = (
				F6AB1B711E1BCC6600B5260D /* PBXTargetDependency */,
			);
			name = "OKKLineSwift-macOS-DemoTests";
			productName = "OKKLineSwift-macOS-DemoTests";
			productReference = F6AB1B6F1E1BCC6600B5260D /* OKKLineSwift-macOS-DemoTests.xctest */;
			productType = "com.apple.product-type.bundle.unit-test";
		};
/* End PBXNativeTarget section */

/* Begin PBXProject section */
		F600A52B1DF1211000CF1C8A /* Project object */ = {
			isa = PBXProject;
			attributes = {
				LastSwiftUpdateCheck = 0820;
				LastUpgradeCheck = 0940;
				TargetAttributes = {
					8835D6EE20E20B2C00115BE2 = {
						CreatedOnToolsVersion = 9.4.1;
						ProvisioningStyle = Automatic;
					};
					8835D71320E2113700115BE2 = {
						CreatedOnToolsVersion = 9.4.1;
						DevelopmentTeam = GQNQ7XRR23;
						ProvisioningStyle = Automatic;
					};
					F600A5341DF1212300CF1C8A = {
						CreatedOnToolsVersion = 8.1;
						DevelopmentTeam = GQNQ7XRR23;
						ProvisioningStyle = Automatic;
					};
					F600A5481DF1212400CF1C8A = {
						CreatedOnToolsVersion = 8.1;
						ProvisioningStyle = Automatic;
						TestTargetID = F600A5341DF1212300CF1C8A;
					};
					F6AB1B5E1E1BCC6600B5260D = {
						CreatedOnToolsVersion = 8.2.1;
						LastSwiftMigration = 0940;
						ProvisioningStyle = Automatic;
					};
					F6AB1B6E1E1BCC6600B5260D = {
						CreatedOnToolsVersion = 8.2.1;
						LastSwiftMigration = 0940;
						ProvisioningStyle = Automatic;
						TestTargetID = F6AB1B5E1E1BCC6600B5260D;
					};
				};
			};
			buildConfigurationList = F600A52E1DF1211000CF1C8A /* Build configuration list for PBXProject "OKKLineSwift" */;
			compatibilityVersion = "Xcode 3.2";
			developmentRegion = English;
			hasScannedForEncodings = 0;
			knownRegions = (
				en,
				Base,
			);
			mainGroup = F600A52A1DF1211000CF1C8A;
			productRefGroup = F600A5361DF1212300CF1C8A /* Products */;
			projectDirPath = "";
			projectRoot = "";
			targets = (
				8835D71320E2113700115BE2 /* OKKLineSwift-iOS */,
				F600A5341DF1212300CF1C8A /* OKKLineSwift-iOS-Demo */,
				F600A5481DF1212400CF1C8A /* OKKLineSwift-iOS-DemoTests */,
				8835D6EE20E20B2C00115BE2 /* OKKLineSwift-macOS */,
				F6AB1B5E1E1BCC6600B5260D /* OKKLineSwift-macOS-Demo */,
				F6AB1B6E1E1BCC6600B5260D /* OKKLineSwift-macOS-DemoTests */,
			);
		};
/* End PBXProject section */

/* Begin PBXResourcesBuildPhase section */
		8835D6ED20E20B2C00115BE2 /* Resources */ = {
			isa = PBXResourcesBuildPhase;
			buildActionMask = 2147483647;
			files = (
			);
			runOnlyForDeploymentPostprocessing = 0;
		};
		8835D71220E2113700115BE2 /* Resources */ = {
			isa = PBXResourcesBuildPhase;
			buildActionMask = 2147483647;
			files = (
			);
			runOnlyForDeploymentPostprocessing = 0;
		};
		F600A5331DF1212300CF1C8A /* Resources */ = {
			isa = PBXResourcesBuildPhase;
			buildActionMask = 2147483647;
			files = (
				F600A5431DF1212300CF1C8A /* LaunchScreen.storyboard in Resources */,
				F600A5401DF1212300CF1C8A /* Assets.xcassets in Resources */,
				F600A53E1DF1212300CF1C8A /* Main.storyboard in Resources */,
			);
			runOnlyForDeploymentPostprocessing = 0;
		};
		F600A5471DF1212400CF1C8A /* Resources */ = {
			isa = PBXResourcesBuildPhase;
			buildActionMask = 2147483647;
			files = (
			);
			runOnlyForDeploymentPostprocessing = 0;
		};
		F6AB1B5D1E1BCC6600B5260D /* Resources */ = {
			isa = PBXResourcesBuildPhase;
			buildActionMask = 2147483647;
			files = (
				F6AB1B661E1BCC6600B5260D /* Assets.xcassets in Resources */,
				F6AB1B691E1BCC6600B5260D /* Main.storyboard in Resources */,
			);
			runOnlyForDeploymentPostprocessing = 0;
		};
		F6AB1B6D1E1BCC6600B5260D /* Resources */ = {
			isa = PBXResourcesBuildPhase;
			buildActionMask = 2147483647;
			files = (
			);
			runOnlyForDeploymentPostprocessing = 0;
		};
/* End PBXResourcesBuildPhase section */

/* Begin PBXShellScriptBuildPhase section */
		14B61FF679A2AECC1BE4BE68 /* [CP] Check Pods Manifest.lock */ = {
			isa = PBXShellScriptBuildPhase;
			buildActionMask = 2147483647;
			files = (
			);
			inputPaths = (
				"${PODS_PODFILE_DIR_PATH}/Podfile.lock",
				"${PODS_ROOT}/Manifest.lock",
			);
			name = "[CP] Check Pods Manifest.lock";
			outputPaths = (
				"$(DERIVED_FILE_DIR)/Pods-OKKLineSwift-iOS-Demo-checkManifestLockResult.txt",
			);
			runOnlyForDeploymentPostprocessing = 0;
			shellPath = /bin/sh;
			shellScript = "diff \"${PODS_PODFILE_DIR_PATH}/Podfile.lock\" \"${PODS_ROOT}/Manifest.lock\" > /dev/null\nif [ $? != 0 ] ; then\n    # print error to STDERR\n    echo \"error: The sandbox is not in sync with the Podfile.lock. Run 'pod install' or update your CocoaPods installation.\" >&2\n    exit 1\nfi\n# This output is used by Xcode 'outputs' to avoid re-running this script phase.\necho \"SUCCESS\" > \"${SCRIPT_OUTPUT_FILE_0}\"\n";
			showEnvVarsInLog = 0;
		};
		4182E3F29DFC41432417E18E /* [CP] Check Pods Manifest.lock */ = {
			isa = PBXShellScriptBuildPhase;
			buildActionMask = 2147483647;
			files = (
			);
			inputPaths = (
				"${PODS_PODFILE_DIR_PATH}/Podfile.lock",
				"${PODS_ROOT}/Manifest.lock",
			);
			name = "[CP] Check Pods Manifest.lock";
			outputPaths = (
				"$(DERIVED_FILE_DIR)/Pods-OKKLineSwift-macOS-Demo-checkManifestLockResult.txt",
			);
			runOnlyForDeploymentPostprocessing = 0;
			shellPath = /bin/sh;
			shellScript = "diff \"${PODS_PODFILE_DIR_PATH}/Podfile.lock\" \"${PODS_ROOT}/Manifest.lock\" > /dev/null\nif [ $? != 0 ] ; then\n    # print error to STDERR\n    echo \"error: The sandbox is not in sync with the Podfile.lock. Run 'pod install' or update your CocoaPods installation.\" >&2\n    exit 1\nfi\n# This output is used by Xcode 'outputs' to avoid re-running this script phase.\necho \"SUCCESS\" > \"${SCRIPT_OUTPUT_FILE_0}\"\n";
			showEnvVarsInLog = 0;
		};
		A3A82569DD49F71DCC919D10 /* [CP] Embed Pods Frameworks */ = {
			isa = PBXShellScriptBuildPhase;
			buildActionMask = 2147483647;
			files = (
			);
			inputPaths = (
				"${SRCROOT}/Pods/Target Support Files/Pods-OKKLineSwift-iOS-Demo/Pods-OKKLineSwift-iOS-Demo-frameworks.sh",
				"${BUILT_PRODUCTS_DIR}/SnapKit-iOS/SnapKit.framework",
				"${BUILT_PRODUCTS_DIR}/Just-iOS/Just.framework",
			);
			name = "[CP] Embed Pods Frameworks";
			outputPaths = (
				"${TARGET_BUILD_DIR}/${FRAMEWORKS_FOLDER_PATH}/SnapKit.framework",
				"${TARGET_BUILD_DIR}/${FRAMEWORKS_FOLDER_PATH}/Just.framework",
			);
			runOnlyForDeploymentPostprocessing = 0;
			shellPath = /bin/sh;
			shellScript = "\"${SRCROOT}/Pods/Target Support Files/Pods-OKKLineSwift-iOS-Demo/Pods-OKKLineSwift-iOS-Demo-frameworks.sh\"\n";
			showEnvVarsInLog = 0;
		};
		B107431BECA1152B477D925E /* [CP] Check Pods Manifest.lock */ = {
			isa = PBXShellScriptBuildPhase;
			buildActionMask = 2147483647;
			files = (
			);
			inputPaths = (
				"${PODS_PODFILE_DIR_PATH}/Podfile.lock",
				"${PODS_ROOT}/Manifest.lock",
			);
			name = "[CP] Check Pods Manifest.lock";
			outputPaths = (
				"$(DERIVED_FILE_DIR)/Pods-OKKLineSwift-iOS-checkManifestLockResult.txt",
			);
			runOnlyForDeploymentPostprocessing = 0;
			shellPath = /bin/sh;
			shellScript = "diff \"${PODS_PODFILE_DIR_PATH}/Podfile.lock\" \"${PODS_ROOT}/Manifest.lock\" > /dev/null\nif [ $? != 0 ] ; then\n    # print error to STDERR\n    echo \"error: The sandbox is not in sync with the Podfile.lock. Run 'pod install' or update your CocoaPods installation.\" >&2\n    exit 1\nfi\n# This output is used by Xcode 'outputs' to avoid re-running this script phase.\necho \"SUCCESS\" > \"${SCRIPT_OUTPUT_FILE_0}\"\n";
			showEnvVarsInLog = 0;
		};
		B5B280A09495BF29C2595DB7 /* [CP] Embed Pods Frameworks */ = {
			isa = PBXShellScriptBuildPhase;
			buildActionMask = 2147483647;
			files = (
			);
			inputPaths = (
				"${SRCROOT}/Pods/Target Support Files/Pods-OKKLineSwift-macOS-Demo/Pods-OKKLineSwift-macOS-Demo-frameworks.sh",
				"${BUILT_PRODUCTS_DIR}/SnapKit-macOS/SnapKit.framework",
				"${BUILT_PRODUCTS_DIR}/Just-macOS/Just.framework",
			);
			name = "[CP] Embed Pods Frameworks";
			outputPaths = (
				"${TARGET_BUILD_DIR}/${FRAMEWORKS_FOLDER_PATH}/SnapKit.framework",
				"${TARGET_BUILD_DIR}/${FRAMEWORKS_FOLDER_PATH}/Just.framework",
			);
			runOnlyForDeploymentPostprocessing = 0;
			shellPath = /bin/sh;
			shellScript = "\"${SRCROOT}/Pods/Target Support Files/Pods-OKKLineSwift-macOS-Demo/Pods-OKKLineSwift-macOS-Demo-frameworks.sh\"\n";
			showEnvVarsInLog = 0;
		};
		ECDCABE363CFC195E36E3D1C /* [CP] Check Pods Manifest.lock */ = {
			isa = PBXShellScriptBuildPhase;
			buildActionMask = 2147483647;
			files = (
			);
			inputPaths = (
				"${PODS_PODFILE_DIR_PATH}/Podfile.lock",
				"${PODS_ROOT}/Manifest.lock",
			);
			name = "[CP] Check Pods Manifest.lock";
			outputPaths = (
				"$(DERIVED_FILE_DIR)/Pods-OKKLineSwift-macOS-checkManifestLockResult.txt",
			);
			runOnlyForDeploymentPostprocessing = 0;
			shellPath = /bin/sh;
			shellScript = "diff \"${PODS_PODFILE_DIR_PATH}/Podfile.lock\" \"${PODS_ROOT}/Manifest.lock\" > /dev/null\nif [ $? != 0 ] ; then\n    # print error to STDERR\n    echo \"error: The sandbox is not in sync with the Podfile.lock. Run 'pod install' or update your CocoaPods installation.\" >&2\n    exit 1\nfi\n# This output is used by Xcode 'outputs' to avoid re-running this script phase.\necho \"SUCCESS\" > \"${SCRIPT_OUTPUT_FILE_0}\"\n";
			showEnvVarsInLog = 0;
		};
/* End PBXShellScriptBuildPhase section */

/* Begin PBXSourcesBuildPhase section */
		8835D6EA20E20B2C00115BE2 /* Sources */ = {
			isa = PBXSourcesBuildPhase;
			buildActionMask = 2147483647;
			files = (
				8835D6FE20E20B5D00115BE2 /* OKBOLLModel.swift in Sources */,
				8835D6FF20E20B5D00115BE2 /* OKEMAModel.swift in Sources */,
				8835D70720E20B6600115BE2 /* OKMALineBrush.swift in Sources */,
				8835D6FD20E20B4600115BE2 /* OKPlatform.swift in Sources */,
				8835D70B20E20B7100115BE2 /* OKKLineView.swift in Sources */,
				8835D70320E20B5D00115BE2 /* OKMAModel.swift in Sources */,
				8835D70920E20B6E00115BE2 /* OKKLineMainView.swift in Sources */,
				8835D70C20E20B7100115BE2 /* OKValueView.swift in Sources */,
				8835D70620E20B6600115BE2 /* OKLineBrush.swift in Sources */,
				8835D70120E20B5D00115BE2 /* OKKDJModel.swift in Sources */,
				8835D70220E20B5D00115BE2 /* OKMACDModel.swift in Sources */,
				8835D70020E20B5D00115BE2 /* OKEMAVOLUMEModel.swift in Sources */,
				8835D70E20E20B7700115BE2 /* OKKLineVolumeView.swift in Sources */,
				8835D70820E20B6B00115BE2 /* OKKLineAccessoryView.swift in Sources */,
				8835D70520E20B6000115BE2 /* OKKLineModel.swift in Sources */,
				8835D70D20E20B7400115BE2 /* OKSegmentView.swift in Sources */,
				8835D70A20E20B7100115BE2 /* OKKLineDrawView.swift in Sources */,
				8835D70420E20B5D00115BE2 /* OKMAVOLUMEModel.swift in Sources */,
				8835D6FC20E20B4600115BE2 /* OKConfiguration.swift in Sources */,
			);
			runOnlyForDeploymentPostprocessing = 0;
		};
		8835D70F20E2113700115BE2 /* Sources */ = {
			isa = PBXSourcesBuildPhase;
			buildActionMask = 2147483647;
			files = (
				8835D72320E2115300115BE2 /* OKBOLLModel.swift in Sources */,
				8835D72420E2115300115BE2 /* OKEMAModel.swift in Sources */,
				8835D72C20E2115A00115BE2 /* OKMALineBrush.swift in Sources */,
				8835D72220E2114F00115BE2 /* OKPlatform.swift in Sources */,
				8835D73020E2116300115BE2 /* OKKLineView.swift in Sources */,
				8835D72820E2115300115BE2 /* OKMAModel.swift in Sources */,
				8835D72E20E2115F00115BE2 /* OKKLineMainView.swift in Sources */,
				8835D73120E2116300115BE2 /* OKValueView.swift in Sources */,
				8835D72B20E2115A00115BE2 /* OKLineBrush.swift in Sources */,
				8835D72620E2115300115BE2 /* OKKDJModel.swift in Sources */,
				8835D72720E2115300115BE2 /* OKMACDModel.swift in Sources */,
				8835D72520E2115300115BE2 /* OKEMAVOLUMEModel.swift in Sources */,
				8835D73320E2116A00115BE2 /* OKKLineVolumeView.swift in Sources */,
				8835D72D20E2115D00115BE2 /* OKKLineAccessoryView.swift in Sources */,
				8835D72A20E2115600115BE2 /* OKKLineModel.swift in Sources */,
				8835D73220E2116600115BE2 /* OKSegmentView.swift in Sources */,
				8835D72F20E2116300115BE2 /* OKKLineDrawView.swift in Sources */,
				8835D72920E2115300115BE2 /* OKMAVOLUMEModel.swift in Sources */,
				8835D72120E2114F00115BE2 /* OKConfiguration.swift in Sources */,
			);
			runOnlyForDeploymentPostprocessing = 0;
		};
		F600A5311DF1212300CF1C8A /* Sources */ = {
			isa = PBXSourcesBuildPhase;
			buildActionMask = 2147483647;
			files = (
				F600A64F1DF124C500CF1C8A /* OKKLineViewController.swift in Sources */,
				F600A53B1DF1212300CF1C8A /* ViewController.swift in Sources */,
				F600A5391DF1212300CF1C8A /* AppDelegate.swift in Sources */,
			);
			runOnlyForDeploymentPostprocessing = 0;
		};
		F600A5451DF1212400CF1C8A /* Sources */ = {
			isa = PBXSourcesBuildPhase;
			buildActionMask = 2147483647;
			files = (
				F600A54E1DF1212400CF1C8A /* OKKLineSwift_iOS_DemoTests.swift in Sources */,
			);
			runOnlyForDeploymentPostprocessing = 0;
		};
		F6AB1B5B1E1BCC6600B5260D /* Sources */ = {
			isa = PBXSourcesBuildPhase;
			buildActionMask = 2147483647;
			files = (
				F6AB1B641E1BCC6600B5260D /* ViewController.swift in Sources */,
				F6AB1B621E1BCC6600B5260D /* AppDelegate.swift in Sources */,
			);
			runOnlyForDeploymentPostprocessing = 0;
		};
		F6AB1B6B1E1BCC6600B5260D /* Sources */ = {
			isa = PBXSourcesBuildPhase;
			buildActionMask = 2147483647;
			files = (
				F6AB1B741E1BCC6600B5260D /* OKKLineSwift_macOS_DemoTests.swift in Sources */,
			);
			runOnlyForDeploymentPostprocessing = 0;
		};
/* End PBXSourcesBuildPhase section */

/* Begin PBXTargetDependency section */
		8835D6F520E20B2C00115BE2 /* PBXTargetDependency */ = {
			isa = PBXTargetDependency;
			target = 8835D6EE20E20B2C00115BE2 /* OKKLineSwift-macOS */;
			targetProxy = 8835D6F420E20B2C00115BE2 /* PBXContainerItemProxy */;
		};
		8835D71A20E2113700115BE2 /* PBXTargetDependency */ = {
			isa = PBXTargetDependency;
			target = 8835D71320E2113700115BE2 /* OKKLineSwift-iOS */;
			targetProxy = 8835D71920E2113700115BE2 /* PBXContainerItemProxy */;
		};
		F600A54B1DF1212400CF1C8A /* PBXTargetDependency */ = {
			isa = PBXTargetDependency;
			target = F600A5341DF1212300CF1C8A /* OKKLineSwift-iOS-Demo */;
			targetProxy = F600A54A1DF1212400CF1C8A /* PBXContainerItemProxy */;
		};
		F6AB1B711E1BCC6600B5260D /* PBXTargetDependency */ = {
			isa = PBXTargetDependency;
			target = F6AB1B5E1E1BCC6600B5260D /* OKKLineSwift-macOS-Demo */;
			targetProxy = F6AB1B701E1BCC6600B5260D /* PBXContainerItemProxy */;
		};
/* End PBXTargetDependency section */

/* Begin PBXVariantGroup section */
		F600A53C1DF1212300CF1C8A /* Main.storyboard */ = {
			isa = PBXVariantGroup;
			children = (
				F600A53D1DF1212300CF1C8A /* Base */,
			);
			name = Main.storyboard;
			sourceTree = "<group>";
		};
		F600A5411DF1212300CF1C8A /* LaunchScreen.storyboard */ = {
			isa = PBXVariantGroup;
			children = (
				F600A5421DF1212300CF1C8A /* Base */,
			);
			name = LaunchScreen.storyboard;
			sourceTree = "<group>";
		};
		F6AB1B671E1BCC6600B5260D /* Main.storyboard */ = {
			isa = PBXVariantGroup;
			children = (
				F6AB1B681E1BCC6600B5260D /* Base */,
			);
			name = Main.storyboard;
			sourceTree = "<group>";
		};
/* End PBXVariantGroup section */

/* Begin XCBuildConfiguration section */
		8835D6F920E20B2C00115BE2 /* Debug */ = {
			isa = XCBuildConfiguration;
			baseConfigurationReference = C89A116839A2361B672B461E /* Pods-OKKLineSwift-macOS.debug.xcconfig */;
			buildSettings = {
				ALWAYS_EMBED_SWIFT_STANDARD_LIBRARIES = "$(inherited)";
				ALWAYS_SEARCH_USER_PATHS = NO;
				CLANG_ANALYZER_NONNULL = YES;
				CLANG_ANALYZER_NUMBER_OBJECT_CONVERSION = YES_AGGRESSIVE;
				CLANG_CXX_LANGUAGE_STANDARD = "gnu++14";
				CLANG_CXX_LIBRARY = "libc++";
				CLANG_ENABLE_MODULES = YES;
				CLANG_ENABLE_OBJC_ARC = YES;
				CLANG_ENABLE_OBJC_WEAK = YES;
				CLANG_WARN_DIRECT_OBJC_ISA_USAGE = YES_ERROR;
				CLANG_WARN_DOCUMENTATION_COMMENTS = YES;
				CLANG_WARN_OBJC_ROOT_CLASS = YES_ERROR;
				CLANG_WARN_UNGUARDED_AVAILABILITY = YES_AGGRESSIVE;
				CODE_SIGN_IDENTITY = "-";
				CODE_SIGN_STYLE = Automatic;
				COMBINE_HIDPI_IMAGES = YES;
				COPY_PHASE_STRIP = NO;
				CURRENT_PROJECT_VERSION = 1;
				DEBUG_INFORMATION_FORMAT = dwarf;
				DEFINES_MODULE = YES;
				DYLIB_COMPATIBILITY_VERSION = 1;
				DYLIB_CURRENT_VERSION = 1;
				DYLIB_INSTALL_NAME_BASE = "@rpath";
				FRAMEWORK_VERSION = A;
				GCC_C_LANGUAGE_STANDARD = gnu11;
				GCC_DYNAMIC_NO_PIC = NO;
				GCC_OPTIMIZATION_LEVEL = 0;
				GCC_PREPROCESSOR_DEFINITIONS = (
					"DEBUG=1",
					"$(inherited)",
				);
				GCC_WARN_ABOUT_RETURN_TYPE = YES_ERROR;
				GCC_WARN_UNINITIALIZED_AUTOS = YES_AGGRESSIVE;
				INFOPLIST_FILE = "OKKlineSwift-macOS/Info.plist";
				INSTALL_PATH = "$(LOCAL_LIBRARY_DIR)/Frameworks";
				LD_RUNPATH_SEARCH_PATHS = "$(inherited) @executable_path/../Frameworks @loader_path/Frameworks";
				MACOSX_DEPLOYMENT_TARGET = 10.12;
				MTL_ENABLE_DEBUG_INFO = YES;
				PRODUCT_BUNDLE_IDENTIFIER = "Herb.OKKLineSwift-macOS";
				PRODUCT_NAME = "$(TARGET_NAME:c99extidentifier)";
				SDKROOT = macosx;
				SKIP_INSTALL = YES;
				SWIFT_ACTIVE_COMPILATION_CONDITIONS = DEBUG;
				SWIFT_OPTIMIZATION_LEVEL = "-Onone";
				SWIFT_VERSION = 4.0;
				VERSIONING_SYSTEM = "apple-generic";
				VERSION_INFO_PREFIX = "";
			};
			name = Debug;
		};
		8835D6FA20E20B2C00115BE2 /* Release */ = {
			isa = XCBuildConfiguration;
			baseConfigurationReference = E7D83C88E50068A801EF4C1E /* Pods-OKKLineSwift-macOS.release.xcconfig */;
			buildSettings = {
				ALWAYS_EMBED_SWIFT_STANDARD_LIBRARIES = "$(inherited)";
				ALWAYS_SEARCH_USER_PATHS = NO;
				CLANG_ANALYZER_NONNULL = YES;
				CLANG_ANALYZER_NUMBER_OBJECT_CONVERSION = YES_AGGRESSIVE;
				CLANG_CXX_LANGUAGE_STANDARD = "gnu++14";
				CLANG_CXX_LIBRARY = "libc++";
				CLANG_ENABLE_MODULES = YES;
				CLANG_ENABLE_OBJC_ARC = YES;
				CLANG_ENABLE_OBJC_WEAK = YES;
				CLANG_WARN_DIRECT_OBJC_ISA_USAGE = YES_ERROR;
				CLANG_WARN_DOCUMENTATION_COMMENTS = YES;
				CLANG_WARN_OBJC_ROOT_CLASS = YES_ERROR;
				CLANG_WARN_UNGUARDED_AVAILABILITY = YES_AGGRESSIVE;
				CODE_SIGN_IDENTITY = "-";
				CODE_SIGN_STYLE = Automatic;
				COMBINE_HIDPI_IMAGES = YES;
				COPY_PHASE_STRIP = NO;
				CURRENT_PROJECT_VERSION = 1;
				DEBUG_INFORMATION_FORMAT = "dwarf-with-dsym";
				DEFINES_MODULE = YES;
				DYLIB_COMPATIBILITY_VERSION = 1;
				DYLIB_CURRENT_VERSION = 1;
				DYLIB_INSTALL_NAME_BASE = "@rpath";
				ENABLE_NS_ASSERTIONS = NO;
				FRAMEWORK_VERSION = A;
				GCC_C_LANGUAGE_STANDARD = gnu11;
				GCC_WARN_ABOUT_RETURN_TYPE = YES_ERROR;
				GCC_WARN_UNINITIALIZED_AUTOS = YES_AGGRESSIVE;
				INFOPLIST_FILE = "OKKlineSwift-macOS/Info.plist";
				INSTALL_PATH = "$(LOCAL_LIBRARY_DIR)/Frameworks";
				LD_RUNPATH_SEARCH_PATHS = "$(inherited) @executable_path/../Frameworks @loader_path/Frameworks";
				MACOSX_DEPLOYMENT_TARGET = 10.12;
				MTL_ENABLE_DEBUG_INFO = NO;
				PRODUCT_BUNDLE_IDENTIFIER = "Herb.OKKLineSwift-macOS";
				PRODUCT_NAME = "$(TARGET_NAME:c99extidentifier)";
				SDKROOT = macosx;
				SKIP_INSTALL = YES;
				SWIFT_OPTIMIZATION_LEVEL = "-Owholemodule";
				SWIFT_VERSION = 4.0;
				VERSIONING_SYSTEM = "apple-generic";
				VERSION_INFO_PREFIX = "";
			};
			name = Release;
		};
		8835D71D20E2113700115BE2 /* Debug */ = {
			isa = XCBuildConfiguration;
			baseConfigurationReference = 843F955393173DA784A20BB7 /* Pods-OKKLineSwift-iOS.debug.xcconfig */;
			buildSettings = {
				ALWAYS_EMBED_SWIFT_STANDARD_LIBRARIES = "$(inherited)";
				ALWAYS_SEARCH_USER_PATHS = NO;
				CLANG_ANALYZER_NONNULL = YES;
				CLANG_ANALYZER_NUMBER_OBJECT_CONVERSION = YES_AGGRESSIVE;
				CLANG_CXX_LANGUAGE_STANDARD = "gnu++14";
				CLANG_CXX_LIBRARY = "libc++";
				CLANG_ENABLE_MODULES = YES;
				CLANG_ENABLE_OBJC_ARC = YES;
				CLANG_ENABLE_OBJC_WEAK = YES;
				CLANG_WARN_DIRECT_OBJC_ISA_USAGE = YES_ERROR;
				CLANG_WARN_DOCUMENTATION_COMMENTS = YES;
				CLANG_WARN_OBJC_ROOT_CLASS = YES_ERROR;
				CLANG_WARN_UNGUARDED_AVAILABILITY = YES_AGGRESSIVE;
				CODE_SIGN_IDENTITY = "iPhone Developer";
				CODE_SIGN_STYLE = Automatic;
				COPY_PHASE_STRIP = NO;
				CURRENT_PROJECT_VERSION = 1;
				DEBUG_INFORMATION_FORMAT = dwarf;
				DEFINES_MODULE = YES;
				DEVELOPMENT_TEAM = GQNQ7XRR23;
				DYLIB_COMPATIBILITY_VERSION = 1;
				DYLIB_CURRENT_VERSION = 1;
				DYLIB_INSTALL_NAME_BASE = "@rpath";
				GCC_C_LANGUAGE_STANDARD = gnu11;
				GCC_DYNAMIC_NO_PIC = NO;
				GCC_OPTIMIZATION_LEVEL = 0;
				GCC_PREPROCESSOR_DEFINITIONS = (
					"DEBUG=1",
					"$(inherited)",
				);
				GCC_WARN_ABOUT_RETURN_TYPE = YES_ERROR;
				GCC_WARN_UNINITIALIZED_AUTOS = YES_AGGRESSIVE;
				INFOPLIST_FILE = "OKKLineSwift-iOS/Info.plist";
				INSTALL_PATH = "$(LOCAL_LIBRARY_DIR)/Frameworks";
				IPHONEOS_DEPLOYMENT_TARGET = 10.0;
				LD_RUNPATH_SEARCH_PATHS = "$(inherited) @executable_path/Frameworks @loader_path/Frameworks";
				MTL_ENABLE_DEBUG_INFO = YES;
				PRODUCT_BUNDLE_IDENTIFIER = "Herb.OKKLineSwift-iOS";
				PRODUCT_NAME = "$(TARGET_NAME:c99extidentifier)";
				SDKROOT = iphoneos;
				SKIP_INSTALL = YES;
				SWIFT_ACTIVE_COMPILATION_CONDITIONS = DEBUG;
				SWIFT_OPTIMIZATION_LEVEL = "-Onone";
				SWIFT_VERSION = 4.0;
				TARGETED_DEVICE_FAMILY = "1,2";
				VERSIONING_SYSTEM = "apple-generic";
				VERSION_INFO_PREFIX = "";
			};
			name = Debug;
		};
		8835D71E20E2113700115BE2 /* Release */ = {
			isa = XCBuildConfiguration;
			baseConfigurationReference = 449BBE750DED9FBEC98390E1 /* Pods-OKKLineSwift-iOS.release.xcconfig */;
			buildSettings = {
				ALWAYS_EMBED_SWIFT_STANDARD_LIBRARIES = "$(inherited)";
				ALWAYS_SEARCH_USER_PATHS = NO;
				CLANG_ANALYZER_NONNULL = YES;
				CLANG_ANALYZER_NUMBER_OBJECT_CONVERSION = YES_AGGRESSIVE;
				CLANG_CXX_LANGUAGE_STANDARD = "gnu++14";
				CLANG_CXX_LIBRARY = "libc++";
				CLANG_ENABLE_MODULES = YES;
				CLANG_ENABLE_OBJC_ARC = YES;
				CLANG_ENABLE_OBJC_WEAK = YES;
				CLANG_WARN_DIRECT_OBJC_ISA_USAGE = YES_ERROR;
				CLANG_WARN_DOCUMENTATION_COMMENTS = YES;
				CLANG_WARN_OBJC_ROOT_CLASS = YES_ERROR;
				CLANG_WARN_UNGUARDED_AVAILABILITY = YES_AGGRESSIVE;
				CODE_SIGN_IDENTITY = "iPhone Developer";
				CODE_SIGN_STYLE = Automatic;
				COPY_PHASE_STRIP = NO;
				CURRENT_PROJECT_VERSION = 1;
				DEBUG_INFORMATION_FORMAT = "dwarf-with-dsym";
				DEFINES_MODULE = YES;
				DEVELOPMENT_TEAM = GQNQ7XRR23;
				DYLIB_COMPATIBILITY_VERSION = 1;
				DYLIB_CURRENT_VERSION = 1;
				DYLIB_INSTALL_NAME_BASE = "@rpath";
				ENABLE_NS_ASSERTIONS = NO;
				GCC_C_LANGUAGE_STANDARD = gnu11;
				GCC_WARN_ABOUT_RETURN_TYPE = YES_ERROR;
				GCC_WARN_UNINITIALIZED_AUTOS = YES_AGGRESSIVE;
				INFOPLIST_FILE = "OKKLineSwift-iOS/Info.plist";
				INSTALL_PATH = "$(LOCAL_LIBRARY_DIR)/Frameworks";
				IPHONEOS_DEPLOYMENT_TARGET = 10.0;
				LD_RUNPATH_SEARCH_PATHS = "$(inherited) @executable_path/Frameworks @loader_path/Frameworks";
				MTL_ENABLE_DEBUG_INFO = NO;
				PRODUCT_BUNDLE_IDENTIFIER = "Herb.OKKLineSwift-iOS";
				PRODUCT_NAME = "$(TARGET_NAME:c99extidentifier)";
				SDKROOT = iphoneos;
				SKIP_INSTALL = YES;
				SWIFT_OPTIMIZATION_LEVEL = "-Owholemodule";
				SWIFT_VERSION = 4.0;
				TARGETED_DEVICE_FAMILY = "1,2";
				VALIDATE_PRODUCT = YES;
				VERSIONING_SYSTEM = "apple-generic";
				VERSION_INFO_PREFIX = "";
			};
			name = Release;
		};
		F600A52F1DF1211000CF1C8A /* Debug */ = {
			isa = XCBuildConfiguration;
			buildSettings = {
				CLANG_WARN_BLOCK_CAPTURE_AUTORELEASING = YES;
				CLANG_WARN_BOOL_CONVERSION = YES;
				CLANG_WARN_COMMA = YES;
				CLANG_WARN_CONSTANT_CONVERSION = YES;
				CLANG_WARN_DEPRECATED_OBJC_IMPLEMENTATIONS = YES;
				CLANG_WARN_EMPTY_BODY = YES;
				CLANG_WARN_ENUM_CONVERSION = YES;
				CLANG_WARN_INFINITE_RECURSION = YES;
				CLANG_WARN_INT_CONVERSION = YES;
				CLANG_WARN_NON_LITERAL_NULL_CONVERSION = YES;
				CLANG_WARN_OBJC_IMPLICIT_RETAIN_SELF = YES;
				CLANG_WARN_OBJC_LITERAL_CONVERSION = YES;
				CLANG_WARN_RANGE_LOOP_ANALYSIS = YES;
				CLANG_WARN_STRICT_PROTOTYPES = YES;
				CLANG_WARN_SUSPICIOUS_MOVE = YES;
				CLANG_WARN_UNREACHABLE_CODE = YES;
				CLANG_WARN__DUPLICATE_METHOD_MATCH = YES;
				ENABLE_STRICT_OBJC_MSGSEND = YES;
				ENABLE_TESTABILITY = YES;
				GCC_NO_COMMON_BLOCKS = YES;
				GCC_WARN_64_TO_32_BIT_CONVERSION = YES;
				GCC_WARN_ABOUT_RETURN_TYPE = YES;
				GCC_WARN_UNDECLARED_SELECTOR = YES;
				GCC_WARN_UNINITIALIZED_AUTOS = YES;
				GCC_WARN_UNUSED_FUNCTION = YES;
				GCC_WARN_UNUSED_VARIABLE = YES;
				ONLY_ACTIVE_ARCH = YES;
			};
			name = Debug;
		};
		F600A5301DF1211000CF1C8A /* Release */ = {
			isa = XCBuildConfiguration;
			buildSettings = {
				CLANG_WARN_BLOCK_CAPTURE_AUTORELEASING = YES;
				CLANG_WARN_BOOL_CONVERSION = YES;
				CLANG_WARN_COMMA = YES;
				CLANG_WARN_CONSTANT_CONVERSION = YES;
				CLANG_WARN_DEPRECATED_OBJC_IMPLEMENTATIONS = YES;
				CLANG_WARN_EMPTY_BODY = YES;
				CLANG_WARN_ENUM_CONVERSION = YES;
				CLANG_WARN_INFINITE_RECURSION = YES;
				CLANG_WARN_INT_CONVERSION = YES;
				CLANG_WARN_NON_LITERAL_NULL_CONVERSION = YES;
				CLANG_WARN_OBJC_IMPLICIT_RETAIN_SELF = YES;
				CLANG_WARN_OBJC_LITERAL_CONVERSION = YES;
				CLANG_WARN_RANGE_LOOP_ANALYSIS = YES;
				CLANG_WARN_STRICT_PROTOTYPES = YES;
				CLANG_WARN_SUSPICIOUS_MOVE = YES;
				CLANG_WARN_UNREACHABLE_CODE = YES;
				CLANG_WARN__DUPLICATE_METHOD_MATCH = YES;
				ENABLE_STRICT_OBJC_MSGSEND = YES;
				GCC_NO_COMMON_BLOCKS = YES;
				GCC_WARN_64_TO_32_BIT_CONVERSION = YES;
				GCC_WARN_ABOUT_RETURN_TYPE = YES;
				GCC_WARN_UNDECLARED_SELECTOR = YES;
				GCC_WARN_UNINITIALIZED_AUTOS = YES;
				GCC_WARN_UNUSED_FUNCTION = YES;
				GCC_WARN_UNUSED_VARIABLE = YES;
			};
			name = Release;
		};
		F600A5511DF1212400CF1C8A /* Debug */ = {
			isa = XCBuildConfiguration;
			baseConfigurationReference = 1EF56DB7F7D6378D106CF783 /* Pods-OKKLineSwift-iOS-Demo.debug.xcconfig */;
			buildSettings = {
				ALWAYS_EMBED_SWIFT_STANDARD_LIBRARIES = "$(inherited)";
				ALWAYS_SEARCH_USER_PATHS = NO;
				ASSETCATALOG_COMPILER_APPICON_NAME = AppIcon;
				CLANG_ANALYZER_NONNULL = YES;
				CLANG_CXX_LANGUAGE_STANDARD = "gnu++0x";
				CLANG_CXX_LIBRARY = "libc++";
				CLANG_ENABLE_MODULES = YES;
				CLANG_ENABLE_OBJC_ARC = YES;
				CLANG_WARN_BOOL_CONVERSION = YES;
				CLANG_WARN_CONSTANT_CONVERSION = YES;
				CLANG_WARN_DIRECT_OBJC_ISA_USAGE = YES_ERROR;
				CLANG_WARN_DOCUMENTATION_COMMENTS = YES;
				CLANG_WARN_EMPTY_BODY = YES;
				CLANG_WARN_ENUM_CONVERSION = YES;
				CLANG_WARN_INFINITE_RECURSION = YES;
				CLANG_WARN_INT_CONVERSION = YES;
				CLANG_WARN_OBJC_ROOT_CLASS = YES_ERROR;
				CLANG_WARN_SUSPICIOUS_MOVES = YES;
				CLANG_WARN_UNREACHABLE_CODE = YES;
				CLANG_WARN__DUPLICATE_METHOD_MATCH = YES;
				CODE_SIGN_IDENTITY = "iPhone Developer";
				"CODE_SIGN_IDENTITY[sdk=iphoneos*]" = "iPhone Developer";
				COPY_PHASE_STRIP = NO;
				DEBUG_INFORMATION_FORMAT = dwarf;
				DEVELOPMENT_TEAM = GQNQ7XRR23;
				ENABLE_STRICT_OBJC_MSGSEND = YES;
				ENABLE_TESTABILITY = YES;
				GCC_C_LANGUAGE_STANDARD = gnu99;
				GCC_DYNAMIC_NO_PIC = NO;
				GCC_NO_COMMON_BLOCKS = YES;
				GCC_OPTIMIZATION_LEVEL = 0;
				GCC_PREPROCESSOR_DEFINITIONS = (
					"DEBUG=1",
					"$(inherited)",
				);
				GCC_WARN_64_TO_32_BIT_CONVERSION = YES;
				GCC_WARN_ABOUT_RETURN_TYPE = YES_ERROR;
				GCC_WARN_UNDECLARED_SELECTOR = YES;
				GCC_WARN_UNINITIALIZED_AUTOS = YES_AGGRESSIVE;
				GCC_WARN_UNUSED_FUNCTION = YES;
				GCC_WARN_UNUSED_VARIABLE = YES;
				INFOPLIST_FILE = "OKKLineSwift-iOS-Demo/Info.plist";
				IPHONEOS_DEPLOYMENT_TARGET = 10.0;
				LD_RUNPATH_SEARCH_PATHS = "$(inherited) @executable_path/Frameworks";
				MTL_ENABLE_DEBUG_INFO = YES;
				ONLY_ACTIVE_ARCH = YES;
				PRODUCT_BUNDLE_IDENTIFIER = "Herb.OKKLineSwift-iOS-Demo";
				PRODUCT_NAME = "$(TARGET_NAME)";
				SDKROOT = iphoneos;
				SWIFT_ACTIVE_COMPILATION_CONDITIONS = DEBUG;
				SWIFT_OPTIMIZATION_LEVEL = "-Onone";
				SWIFT_VERSION = 4.0;
			};
			name = Debug;
		};
		F600A5521DF1212400CF1C8A /* Release */ = {
			isa = XCBuildConfiguration;
			baseConfigurationReference = F4124D9A80FE827D3DE5C115 /* Pods-OKKLineSwift-iOS-Demo.release.xcconfig */;
			buildSettings = {
				ALWAYS_EMBED_SWIFT_STANDARD_LIBRARIES = "$(inherited)";
				ALWAYS_SEARCH_USER_PATHS = NO;
				ASSETCATALOG_COMPILER_APPICON_NAME = AppIcon;
				CLANG_ANALYZER_NONNULL = YES;
				CLANG_CXX_LANGUAGE_STANDARD = "gnu++0x";
				CLANG_CXX_LIBRARY = "libc++";
				CLANG_ENABLE_MODULES = YES;
				CLANG_ENABLE_OBJC_ARC = YES;
				CLANG_WARN_BOOL_CONVERSION = YES;
				CLANG_WARN_CONSTANT_CONVERSION = YES;
				CLANG_WARN_DIRECT_OBJC_ISA_USAGE = YES_ERROR;
				CLANG_WARN_DOCUMENTATION_COMMENTS = YES;
				CLANG_WARN_EMPTY_BODY = YES;
				CLANG_WARN_ENUM_CONVERSION = YES;
				CLANG_WARN_INFINITE_RECURSION = YES;
				CLANG_WARN_INT_CONVERSION = YES;
				CLANG_WARN_OBJC_ROOT_CLASS = YES_ERROR;
				CLANG_WARN_SUSPICIOUS_MOVES = YES;
				CLANG_WARN_UNREACHABLE_CODE = YES;
				CLANG_WARN__DUPLICATE_METHOD_MATCH = YES;
				CODE_SIGN_IDENTITY = "iPhone Developer";
				"CODE_SIGN_IDENTITY[sdk=iphoneos*]" = "iPhone Developer";
				COPY_PHASE_STRIP = NO;
				DEBUG_INFORMATION_FORMAT = "dwarf-with-dsym";
				DEVELOPMENT_TEAM = GQNQ7XRR23;
				ENABLE_NS_ASSERTIONS = NO;
				ENABLE_STRICT_OBJC_MSGSEND = YES;
				GCC_C_LANGUAGE_STANDARD = gnu99;
				GCC_NO_COMMON_BLOCKS = YES;
				GCC_WARN_64_TO_32_BIT_CONVERSION = YES;
				GCC_WARN_ABOUT_RETURN_TYPE = YES_ERROR;
				GCC_WARN_UNDECLARED_SELECTOR = YES;
				GCC_WARN_UNINITIALIZED_AUTOS = YES_AGGRESSIVE;
				GCC_WARN_UNUSED_FUNCTION = YES;
				GCC_WARN_UNUSED_VARIABLE = YES;
				INFOPLIST_FILE = "OKKLineSwift-iOS-Demo/Info.plist";
				IPHONEOS_DEPLOYMENT_TARGET = 10.0;
				LD_RUNPATH_SEARCH_PATHS = "$(inherited) @executable_path/Frameworks";
				MTL_ENABLE_DEBUG_INFO = NO;
				PRODUCT_BUNDLE_IDENTIFIER = "Herb.OKKLineSwift-iOS-Demo";
				PRODUCT_NAME = "$(TARGET_NAME)";
				SDKROOT = iphoneos;
				SWIFT_OPTIMIZATION_LEVEL = "-Owholemodule";
				SWIFT_VERSION = 4.0;
				VALIDATE_PRODUCT = YES;
			};
			name = Release;
		};
		F600A5541DF1212400CF1C8A /* Debug */ = {
			isa = XCBuildConfiguration;
			buildSettings = {
				ALWAYS_EMBED_SWIFT_STANDARD_LIBRARIES = YES;
				ALWAYS_SEARCH_USER_PATHS = NO;
				BUNDLE_LOADER = "$(TEST_HOST)";
				CLANG_ANALYZER_NONNULL = YES;
				CLANG_CXX_LANGUAGE_STANDARD = "gnu++0x";
				CLANG_CXX_LIBRARY = "libc++";
				CLANG_ENABLE_MODULES = YES;
				CLANG_ENABLE_OBJC_ARC = YES;
				CLANG_WARN_BOOL_CONVERSION = YES;
				CLANG_WARN_CONSTANT_CONVERSION = YES;
				CLANG_WARN_DIRECT_OBJC_ISA_USAGE = YES_ERROR;
				CLANG_WARN_DOCUMENTATION_COMMENTS = YES;
				CLANG_WARN_EMPTY_BODY = YES;
				CLANG_WARN_ENUM_CONVERSION = YES;
				CLANG_WARN_INFINITE_RECURSION = YES;
				CLANG_WARN_INT_CONVERSION = YES;
				CLANG_WARN_OBJC_ROOT_CLASS = YES_ERROR;
				CLANG_WARN_SUSPICIOUS_MOVES = YES;
				CLANG_WARN_UNREACHABLE_CODE = YES;
				CLANG_WARN__DUPLICATE_METHOD_MATCH = YES;
				"CODE_SIGN_IDENTITY[sdk=iphoneos*]" = "iPhone Developer";
				COPY_PHASE_STRIP = NO;
				DEBUG_INFORMATION_FORMAT = dwarf;
				ENABLE_STRICT_OBJC_MSGSEND = YES;
				ENABLE_TESTABILITY = YES;
				GCC_C_LANGUAGE_STANDARD = gnu99;
				GCC_DYNAMIC_NO_PIC = NO;
				GCC_NO_COMMON_BLOCKS = YES;
				GCC_OPTIMIZATION_LEVEL = 0;
				GCC_PREPROCESSOR_DEFINITIONS = (
					"DEBUG=1",
					"$(inherited)",
				);
				GCC_WARN_64_TO_32_BIT_CONVERSION = YES;
				GCC_WARN_ABOUT_RETURN_TYPE = YES_ERROR;
				GCC_WARN_UNDECLARED_SELECTOR = YES;
				GCC_WARN_UNINITIALIZED_AUTOS = YES_AGGRESSIVE;
				GCC_WARN_UNUSED_FUNCTION = YES;
				GCC_WARN_UNUSED_VARIABLE = YES;
				INFOPLIST_FILE = "OKKLineSwift-iOS-DemoTests/Info.plist";
				IPHONEOS_DEPLOYMENT_TARGET = 10.1;
				LD_RUNPATH_SEARCH_PATHS = "$(inherited) @executable_path/Frameworks @loader_path/Frameworks";
				MTL_ENABLE_DEBUG_INFO = YES;
				ONLY_ACTIVE_ARCH = YES;
				PRODUCT_BUNDLE_IDENTIFIER = "OK-Inc.OKKLineSwift-iOS-DemoTests";
				PRODUCT_NAME = "$(TARGET_NAME)";
				SDKROOT = iphoneos;
				SWIFT_ACTIVE_COMPILATION_CONDITIONS = DEBUG;
				SWIFT_OPTIMIZATION_LEVEL = "-Onone";
				SWIFT_VERSION = 4.0;
				TEST_HOST = "$(BUILT_PRODUCTS_DIR)/OKKLineSwift-iOS-Demo.app/OKKLineSwift-iOS-Demo";
			};
			name = Debug;
		};
		F600A5551DF1212400CF1C8A /* Release */ = {
			isa = XCBuildConfiguration;
			buildSettings = {
				ALWAYS_EMBED_SWIFT_STANDARD_LIBRARIES = YES;
				ALWAYS_SEARCH_USER_PATHS = NO;
				BUNDLE_LOADER = "$(TEST_HOST)";
				CLANG_ANALYZER_NONNULL = YES;
				CLANG_CXX_LANGUAGE_STANDARD = "gnu++0x";
				CLANG_CXX_LIBRARY = "libc++";
				CLANG_ENABLE_MODULES = YES;
				CLANG_ENABLE_OBJC_ARC = YES;
				CLANG_WARN_BOOL_CONVERSION = YES;
				CLANG_WARN_CONSTANT_CONVERSION = YES;
				CLANG_WARN_DIRECT_OBJC_ISA_USAGE = YES_ERROR;
				CLANG_WARN_DOCUMENTATION_COMMENTS = YES;
				CLANG_WARN_EMPTY_BODY = YES;
				CLANG_WARN_ENUM_CONVERSION = YES;
				CLANG_WARN_INFINITE_RECURSION = YES;
				CLANG_WARN_INT_CONVERSION = YES;
				CLANG_WARN_OBJC_ROOT_CLASS = YES_ERROR;
				CLANG_WARN_SUSPICIOUS_MOVES = YES;
				CLANG_WARN_UNREACHABLE_CODE = YES;
				CLANG_WARN__DUPLICATE_METHOD_MATCH = YES;
				"CODE_SIGN_IDENTITY[sdk=iphoneos*]" = "iPhone Developer";
				COPY_PHASE_STRIP = NO;
				DEBUG_INFORMATION_FORMAT = "dwarf-with-dsym";
				ENABLE_NS_ASSERTIONS = NO;
				ENABLE_STRICT_OBJC_MSGSEND = YES;
				GCC_C_LANGUAGE_STANDARD = gnu99;
				GCC_NO_COMMON_BLOCKS = YES;
				GCC_WARN_64_TO_32_BIT_CONVERSION = YES;
				GCC_WARN_ABOUT_RETURN_TYPE = YES_ERROR;
				GCC_WARN_UNDECLARED_SELECTOR = YES;
				GCC_WARN_UNINITIALIZED_AUTOS = YES_AGGRESSIVE;
				GCC_WARN_UNUSED_FUNCTION = YES;
				GCC_WARN_UNUSED_VARIABLE = YES;
				INFOPLIST_FILE = "OKKLineSwift-iOS-DemoTests/Info.plist";
				IPHONEOS_DEPLOYMENT_TARGET = 10.1;
				LD_RUNPATH_SEARCH_PATHS = "$(inherited) @executable_path/Frameworks @loader_path/Frameworks";
				MTL_ENABLE_DEBUG_INFO = NO;
				PRODUCT_BUNDLE_IDENTIFIER = "OK-Inc.OKKLineSwift-iOS-DemoTests";
				PRODUCT_NAME = "$(TARGET_NAME)";
				SDKROOT = iphoneos;
				SWIFT_OPTIMIZATION_LEVEL = "-Owholemodule";
				SWIFT_VERSION = 4.0;
				TEST_HOST = "$(BUILT_PRODUCTS_DIR)/OKKLineSwift-iOS-Demo.app/OKKLineSwift-iOS-Demo";
				VALIDATE_PRODUCT = YES;
			};
			name = Release;
		};
		F6AB1B771E1BCC6600B5260D /* Debug */ = {
			isa = XCBuildConfiguration;
			baseConfigurationReference = 0D0B65D3BA98A8E4406CC775 /* Pods-OKKLineSwift-macOS-Demo.debug.xcconfig */;
			buildSettings = {
				ALWAYS_EMBED_SWIFT_STANDARD_LIBRARIES = "$(inherited)";
				ALWAYS_SEARCH_USER_PATHS = NO;
				ASSETCATALOG_COMPILER_APPICON_NAME = AppIcon;
				CLANG_ANALYZER_NONNULL = YES;
				CLANG_CXX_LANGUAGE_STANDARD = "gnu++0x";
				CLANG_CXX_LIBRARY = "libc++";
				CLANG_ENABLE_MODULES = YES;
				CLANG_ENABLE_OBJC_ARC = YES;
				CLANG_WARN_DIRECT_OBJC_ISA_USAGE = YES_ERROR;
				CLANG_WARN_DOCUMENTATION_COMMENTS = YES;
				CLANG_WARN_OBJC_ROOT_CLASS = YES_ERROR;
				CODE_SIGN_IDENTITY = "-";
				COMBINE_HIDPI_IMAGES = YES;
				COPY_PHASE_STRIP = NO;
				DEBUG_INFORMATION_FORMAT = dwarf;
				GCC_C_LANGUAGE_STANDARD = gnu99;
				GCC_DYNAMIC_NO_PIC = NO;
				GCC_OPTIMIZATION_LEVEL = 0;
				GCC_PREPROCESSOR_DEFINITIONS = (
					"DEBUG=1",
					"$(inherited)",
				);
				GCC_WARN_ABOUT_RETURN_TYPE = YES_ERROR;
				GCC_WARN_UNINITIALIZED_AUTOS = YES_AGGRESSIVE;
				INFOPLIST_FILE = "OKKLineSwift-macOS-Demo/Info.plist";
				LD_RUNPATH_SEARCH_PATHS = "$(inherited) @executable_path/../Frameworks";
				MACOSX_DEPLOYMENT_TARGET = 10.12;
				MTL_ENABLE_DEBUG_INFO = YES;
				PRODUCT_BUNDLE_IDENTIFIER = "Herb.OKKLineSwift-macOS-Demo";
				PRODUCT_NAME = "$(TARGET_NAME)";
				SDKROOT = macosx;
				SWIFT_ACTIVE_COMPILATION_CONDITIONS = DEBUG;
				SWIFT_OPTIMIZATION_LEVEL = "-Onone";
				SWIFT_SWIFT3_OBJC_INFERENCE = Default;
				SWIFT_VERSION = 4.0;
			};
			name = Debug;
		};
		F6AB1B781E1BCC6600B5260D /* Release */ = {
			isa = XCBuildConfiguration;
			baseConfigurationReference = E5BD8D7F9301BC4A7C1A0D89 /* Pods-OKKLineSwift-macOS-Demo.release.xcconfig */;
			buildSettings = {
				ALWAYS_EMBED_SWIFT_STANDARD_LIBRARIES = "$(inherited)";
				ALWAYS_SEARCH_USER_PATHS = NO;
				ASSETCATALOG_COMPILER_APPICON_NAME = AppIcon;
				CLANG_ANALYZER_NONNULL = YES;
				CLANG_CXX_LANGUAGE_STANDARD = "gnu++0x";
				CLANG_CXX_LIBRARY = "libc++";
				CLANG_ENABLE_MODULES = YES;
				CLANG_ENABLE_OBJC_ARC = YES;
				CLANG_WARN_DIRECT_OBJC_ISA_USAGE = YES_ERROR;
				CLANG_WARN_DOCUMENTATION_COMMENTS = YES;
				CLANG_WARN_OBJC_ROOT_CLASS = YES_ERROR;
				CODE_SIGN_IDENTITY = "-";
				COMBINE_HIDPI_IMAGES = YES;
				COPY_PHASE_STRIP = NO;
				DEBUG_INFORMATION_FORMAT = "dwarf-with-dsym";
				ENABLE_NS_ASSERTIONS = NO;
				GCC_C_LANGUAGE_STANDARD = gnu99;
				GCC_WARN_ABOUT_RETURN_TYPE = YES_ERROR;
				GCC_WARN_UNINITIALIZED_AUTOS = YES_AGGRESSIVE;
				INFOPLIST_FILE = "OKKLineSwift-macOS-Demo/Info.plist";
				LD_RUNPATH_SEARCH_PATHS = "$(inherited) @executable_path/../Frameworks";
				MACOSX_DEPLOYMENT_TARGET = 10.12;
				MTL_ENABLE_DEBUG_INFO = NO;
				PRODUCT_BUNDLE_IDENTIFIER = "Herb.OKKLineSwift-macOS-Demo";
				PRODUCT_NAME = "$(TARGET_NAME)";
				SDKROOT = macosx;
				SWIFT_OPTIMIZATION_LEVEL = "-Owholemodule";
				SWIFT_SWIFT3_OBJC_INFERENCE = Default;
				SWIFT_VERSION = 4.0;
			};
			name = Release;
		};
		F6AB1B7A1E1BCC6600B5260D /* Debug */ = {
			isa = XCBuildConfiguration;
			buildSettings = {
				ALWAYS_EMBED_SWIFT_STANDARD_LIBRARIES = YES;
				ALWAYS_SEARCH_USER_PATHS = NO;
				BUNDLE_LOADER = "$(TEST_HOST)";
				CLANG_ANALYZER_NONNULL = YES;
				CLANG_CXX_LANGUAGE_STANDARD = "gnu++0x";
				CLANG_CXX_LIBRARY = "libc++";
				CLANG_ENABLE_MODULES = YES;
				CLANG_ENABLE_OBJC_ARC = YES;
				CLANG_WARN_DIRECT_OBJC_ISA_USAGE = YES_ERROR;
				CLANG_WARN_DOCUMENTATION_COMMENTS = YES;
				CLANG_WARN_OBJC_ROOT_CLASS = YES_ERROR;
				CODE_SIGN_IDENTITY = "-";
				COMBINE_HIDPI_IMAGES = YES;
				COPY_PHASE_STRIP = NO;
				DEBUG_INFORMATION_FORMAT = dwarf;
				GCC_C_LANGUAGE_STANDARD = gnu99;
				GCC_DYNAMIC_NO_PIC = NO;
				GCC_OPTIMIZATION_LEVEL = 0;
				GCC_PREPROCESSOR_DEFINITIONS = (
					"DEBUG=1",
					"$(inherited)",
				);
				GCC_WARN_ABOUT_RETURN_TYPE = YES_ERROR;
				GCC_WARN_UNINITIALIZED_AUTOS = YES_AGGRESSIVE;
				INFOPLIST_FILE = "OKKLineSwift-macOS-DemoTests/Info.plist";
				LD_RUNPATH_SEARCH_PATHS = "$(inherited) @executable_path/../Frameworks @loader_path/../Frameworks";
				MACOSX_DEPLOYMENT_TARGET = 10.12;
				MTL_ENABLE_DEBUG_INFO = YES;
				PRODUCT_BUNDLE_IDENTIFIER = "OK-Inc.OKKLineSwift-macOS-DemoTests";
				PRODUCT_NAME = "$(TARGET_NAME)";
				SDKROOT = macosx;
				SWIFT_ACTIVE_COMPILATION_CONDITIONS = DEBUG;
				SWIFT_OPTIMIZATION_LEVEL = "-Onone";
				SWIFT_SWIFT3_OBJC_INFERENCE = On;
				SWIFT_VERSION = 4.0;
				TEST_HOST = "$(BUILT_PRODUCTS_DIR)/OKKLineSwift-macOS-Demo.app/Contents/MacOS/OKKLineSwift-macOS-Demo";
			};
			name = Debug;
		};
		F6AB1B7B1E1BCC6600B5260D /* Release */ = {
			isa = XCBuildConfiguration;
			buildSettings = {
				ALWAYS_EMBED_SWIFT_STANDARD_LIBRARIES = YES;
				ALWAYS_SEARCH_USER_PATHS = NO;
				BUNDLE_LOADER = "$(TEST_HOST)";
				CLANG_ANALYZER_NONNULL = YES;
				CLANG_CXX_LANGUAGE_STANDARD = "gnu++0x";
				CLANG_CXX_LIBRARY = "libc++";
				CLANG_ENABLE_MODULES = YES;
				CLANG_ENABLE_OBJC_ARC = YES;
				CLANG_WARN_DIRECT_OBJC_ISA_USAGE = YES_ERROR;
				CLANG_WARN_DOCUMENTATION_COMMENTS = YES;
				CLANG_WARN_OBJC_ROOT_CLASS = YES_ERROR;
				CODE_SIGN_IDENTITY = "-";
				COMBINE_HIDPI_IMAGES = YES;
				COPY_PHASE_STRIP = NO;
				DEBUG_INFORMATION_FORMAT = "dwarf-with-dsym";
				ENABLE_NS_ASSERTIONS = NO;
				GCC_C_LANGUAGE_STANDARD = gnu99;
				GCC_WARN_ABOUT_RETURN_TYPE = YES_ERROR;
				GCC_WARN_UNINITIALIZED_AUTOS = YES_AGGRESSIVE;
				INFOPLIST_FILE = "OKKLineSwift-macOS-DemoTests/Info.plist";
				LD_RUNPATH_SEARCH_PATHS = "$(inherited) @executable_path/../Frameworks @loader_path/../Frameworks";
				MACOSX_DEPLOYMENT_TARGET = 10.12;
				MTL_ENABLE_DEBUG_INFO = NO;
				PRODUCT_BUNDLE_IDENTIFIER = "OK-Inc.OKKLineSwift-macOS-DemoTests";
				PRODUCT_NAME = "$(TARGET_NAME)";
				SDKROOT = macosx;
				SWIFT_OPTIMIZATION_LEVEL = "-Owholemodule";
				SWIFT_SWIFT3_OBJC_INFERENCE = On;
				SWIFT_VERSION = 4.0;
				TEST_HOST = "$(BUILT_PRODUCTS_DIR)/OKKLineSwift-macOS-Demo.app/Contents/MacOS/OKKLineSwift-macOS-Demo";
			};
			name = Release;
		};
/* End XCBuildConfiguration section */

/* Begin XCConfigurationList section */
		8835D6F820E20B2C00115BE2 /* Build configuration list for PBXNativeTarget "OKKLineSwift-macOS" */ = {
			isa = XCConfigurationList;
			buildConfigurations = (
				8835D6F920E20B2C00115BE2 /* Debug */,
				8835D6FA20E20B2C00115BE2 /* Release */,
			);
			defaultConfigurationIsVisible = 0;
			defaultConfigurationName = Release;
		};
		8835D71F20E2113700115BE2 /* Build configuration list for PBXNativeTarget "OKKLineSwift-iOS" */ = {
			isa = XCConfigurationList;
			buildConfigurations = (
				8835D71D20E2113700115BE2 /* Debug */,
				8835D71E20E2113700115BE2 /* Release */,
			);
			defaultConfigurationIsVisible = 0;
			defaultConfigurationName = Release;
		};
		F600A52E1DF1211000CF1C8A /* Build configuration list for PBXProject "OKKLineSwift" */ = {
			isa = XCConfigurationList;
			buildConfigurations = (
				F600A52F1DF1211000CF1C8A /* Debug */,
				F600A5301DF1211000CF1C8A /* Release */,
			);
			defaultConfigurationIsVisible = 0;
			defaultConfigurationName = Release;
		};
		F600A5501DF1212400CF1C8A /* Build configuration list for PBXNativeTarget "OKKLineSwift-iOS-Demo" */ = {
			isa = XCConfigurationList;
			buildConfigurations = (
				F600A5511DF1212400CF1C8A /* Debug */,
				F600A5521DF1212400CF1C8A /* Release */,
			);
			defaultConfigurationIsVisible = 0;
			defaultConfigurationName = Release;
		};
		F600A5531DF1212400CF1C8A /* Build configuration list for PBXNativeTarget "OKKLineSwift-iOS-DemoTests" */ = {
			isa = XCConfigurationList;
			buildConfigurations = (
				F600A5541DF1212400CF1C8A /* Debug */,
				F600A5551DF1212400CF1C8A /* Release */,
			);
			defaultConfigurationIsVisible = 0;
			defaultConfigurationName = Release;
		};
		F6AB1B761E1BCC6600B5260D /* Build configuration list for PBXNativeTarget "OKKLineSwift-macOS-Demo" */ = {
			isa = XCConfigurationList;
			buildConfigurations = (
				F6AB1B771E1BCC6600B5260D /* Debug */,
				F6AB1B781E1BCC6600B5260D /* Release */,
			);
			defaultConfigurationIsVisible = 0;
			defaultConfigurationName = Release;
		};
		F6AB1B791E1BCC6600B5260D /* Build configuration list for PBXNativeTarget "OKKLineSwift-macOS-DemoTests" */ = {
			isa = XCConfigurationList;
			buildConfigurations = (
				F6AB1B7A1E1BCC6600B5260D /* Debug */,
				F6AB1B7B1E1BCC6600B5260D /* Release */,
			);
			defaultConfigurationIsVisible = 0;
			defaultConfigurationName = Release;
		};
/* End XCConfigurationList section */
	};
	rootObject = F600A52B1DF1211000CF1C8A /* Project object */;
}
